// !$*UTF8*$!
{
	archiveVersion = 1;
	classes = {
	};
	objectVersion = 46;
	objects = {

/* Begin PBXBuildFile section */
		0DE8B8358EB5B8EA14D23CA9 /* libPods-shadoUITests.a in Frameworks */ = {isa = PBXBuildFile; fileRef = E3A037012FD7014F49538E7F /* libPods-shadoUITests.a */; };
		11356622341FD8A218CE10F5 /* libPods-shado.a in Frameworks */ = {isa = PBXBuildFile; fileRef = 985FFB9BE13887992946AF4D /* libPods-shado.a */; };
		629F8BA03B4F0C8DDB2E2E36 /* libPods-shadoTests.a in Frameworks */ = {isa = PBXBuildFile; fileRef = 9BD5252AD3F3DE081CD0F004 /* libPods-shadoTests.a */; };
		EA33FC702015E34F009F7D2B /* GiftMerchandiseViewController.m in Sources */ = {isa = PBXBuildFile; fileRef = EA33FC6F2015E34F009F7D2B /* GiftMerchandiseViewController.m */; };
		EA33FC732015E6C8009F7D2B /* GiftMerchandiseCollectionViewCell.m in Sources */ = {isa = PBXBuildFile; fileRef = EA33FC722015E6C8009F7D2B /* GiftMerchandiseCollectionViewCell.m */; };
		EA4E135A202C810300F03B7D /* FCAlertView.m in Sources */ = {isa = PBXBuildFile; fileRef = EA4E1359202C810300F03B7D /* FCAlertView.m */; };
		EA50F0E72020421D005F041B /* NewcreateDetailViewController.m in Sources */ = {isa = PBXBuildFile; fileRef = EA50F0E62020421D005F041B /* NewcreateDetailViewController.m */; };
		EA50F0EA2020523A005F041B /* CreateMerchandiseViewController.m in Sources */ = {isa = PBXBuildFile; fileRef = EA50F0E92020523A005F041B /* CreateMerchandiseViewController.m */; };
		EA50F0F020205C6B005F041B /* CreateMerchandiseListingViewController.m in Sources */ = {isa = PBXBuildFile; fileRef = EA50F0EF20205C6B005F041B /* CreateMerchandiseListingViewController.m */; };
		EA5659191FECEF2D0056F537 /* HomeDetailViewController.m in Sources */ = {isa = PBXBuildFile; fileRef = EA5659181FECEF2D0056F537 /* HomeDetailViewController.m */; };
		EA56591E1FED075B0056F537 /* HomeDetailTableViewCell.m in Sources */ = {isa = PBXBuildFile; fileRef = EA56591D1FED075B0056F537 /* HomeDetailTableViewCell.m */; };
		EA5A33E120075F8E006E765C /* giftViewController.m in Sources */ = {isa = PBXBuildFile; fileRef = EA5A33E020075F8E006E765C /* giftViewController.m */; };
		EA5A33E620076E33006E765C /* GiftTableViewCell.m in Sources */ = {isa = PBXBuildFile; fileRef = EA5A33E520076E33006E765C /* GiftTableViewCell.m */; };
		EA5A33E920076EA4006E765C /* GiftSliderCollectionViewCell.m in Sources */ = {isa = PBXBuildFile; fileRef = EA5A33E820076EA4006E765C /* GiftSliderCollectionViewCell.m */; };
		EA5A33EC200791C0006E765C /* GiftDetailViewController.m in Sources */ = {isa = PBXBuildFile; fileRef = EA5A33EB200791C0006E765C /* GiftDetailViewController.m */; };
		EA5C5C201FE0E7DD009879D8 /* main.m in Sources */ = {isa = PBXBuildFile; fileRef = EA5C5C1F1FE0E7DD009879D8 /* main.m */; };
		EA5C5C231FE0E7DD009879D8 /* AppDelegate.m in Sources */ = {isa = PBXBuildFile; fileRef = EA5C5C221FE0E7DD009879D8 /* AppDelegate.m */; };
		EA5C5C261FE0E7DD009879D8 /* ViewController.m in Sources */ = {isa = PBXBuildFile; fileRef = EA5C5C251FE0E7DD009879D8 /* ViewController.m */; };
		EA5C5C291FE0E7DD009879D8 /* Main.storyboard in Resources */ = {isa = PBXBuildFile; fileRef = EA5C5C271FE0E7DD009879D8 /* Main.storyboard */; };
		EA5C5C2B1FE0E7DD009879D8 /* Assets.xcassets in Resources */ = {isa = PBXBuildFile; fileRef = EA5C5C2A1FE0E7DD009879D8 /* Assets.xcassets */; };
		EA5C5C2E1FE0E7DD009879D8 /* LaunchScreen.storyboard in Resources */ = {isa = PBXBuildFile; fileRef = EA5C5C2C1FE0E7DD009879D8 /* LaunchScreen.storyboard */; };
		EA5C5C391FE0E7DD009879D8 /* shadowTests.m in Sources */ = {isa = PBXBuildFile; fileRef = EA5C5C381FE0E7DD009879D8 /* shadowTests.m */; };
		EA5C5C441FE0E7DE009879D8 /* shadowUITests.m in Sources */ = {isa = PBXBuildFile; fileRef = EA5C5C431FE0E7DE009879D8 /* shadowUITests.m */; };
		EA6F0D7B202185D9002FAA52 /* ApiMaster.m in Sources */ = {isa = PBXBuildFile; fileRef = EA6F0D7A202185D9002FAA52 /* ApiMaster.m */; };
		EA6F0D7E20218B82002FAA52 /* MBProgressHUD.m in Sources */ = {isa = PBXBuildFile; fileRef = EA6F0D7D20218B82002FAA52 /* MBProgressHUD.m */; };
		EA6F0D8220218BAB002FAA52 /* RunOnMainThread.m in Sources */ = {isa = PBXBuildFile; fileRef = EA6F0D8120218BAB002FAA52 /* RunOnMainThread.m */; };
		EA6F0D8C20218CB7002FAA52 /* FSActionSheet.m in Sources */ = {isa = PBXBuildFile; fileRef = EA6F0D8520218CB7002FAA52 /* FSActionSheet.m */; };
		EA6F0D8D20218CB7002FAA52 /* FSActionSheetCell.m in Sources */ = {isa = PBXBuildFile; fileRef = EA6F0D8720218CB7002FAA52 /* FSActionSheetCell.m */; };
		EA6F0D8E20218CB7002FAA52 /* FSActionSheetConfig.m in Sources */ = {isa = PBXBuildFile; fileRef = EA6F0D8920218CB7002FAA52 /* FSActionSheetConfig.m */; };
		EA6F0D8F20218CB7002FAA52 /* FSActionSheetItem.m in Sources */ = {isa = PBXBuildFile; fileRef = EA6F0D8B20218CB7002FAA52 /* FSActionSheetItem.m */; };
		EA6F0D9320218CE3002FAA52 /* FSActionSheet_cancel@2x.png in Resources */ = {isa = PBXBuildFile; fileRef = EA6F0D9120218CE3002FAA52 /* FSActionSheet_cancel@2x.png */; };
		EA6F0D9420218CE3002FAA52 /* FSActionSheet_cancel@3x.png in Resources */ = {isa = PBXBuildFile; fileRef = EA6F0D9220218CE3002FAA52 /* FSActionSheet_cancel@3x.png */; };
		EA6F0D9D2021A990002FAA52 /* profile.storyboard in Resources */ = {isa = PBXBuildFile; fileRef = EA6F0D9C2021A990002FAA52 /* profile.storyboard */; };
		EA6F0DA12021AB4A002FAA52 /* ProfileViewController.m in Sources */ = {isa = PBXBuildFile; fileRef = EA6F0DA02021AB4A002FAA52 /* ProfileViewController.m */; };
		EA6F0DA42021BCEB002FAA52 /* changePasswordViewController.m in Sources */ = {isa = PBXBuildFile; fileRef = EA6F0DA32021BCEB002FAA52 /* changePasswordViewController.m */; };
		EA7860B120173C0200D62B01 /* GiftMerchandiseDetailViewController.m in Sources */ = {isa = PBXBuildFile; fileRef = EA7860B020173C0200D62B01 /* GiftMerchandiseDetailViewController.m */; };
		EA7860C720174E2A00D62B01 /* BKCardExpiryField.m in Sources */ = {isa = PBXBuildFile; fileRef = EA7860B720174E2A00D62B01 /* BKCardExpiryField.m */; };
		EA7860C820174E2A00D62B01 /* BKCardNumberField.m in Sources */ = {isa = PBXBuildFile; fileRef = EA7860B920174E2A00D62B01 /* BKCardNumberField.m */; };
		EA7860C920174E2A00D62B01 /* BKCardNumberFormatter.m in Sources */ = {isa = PBXBuildFile; fileRef = EA7860BB20174E2A00D62B01 /* BKCardNumberFormatter.m */; };
		EA7860CA20174E2A00D62B01 /* BKCardNumberLabel.m in Sources */ = {isa = PBXBuildFile; fileRef = EA7860BD20174E2A00D62B01 /* BKCardNumberLabel.m */; };
		EA7860CB20174E2A00D62B01 /* BKCardPatternInfo.m in Sources */ = {isa = PBXBuildFile; fileRef = EA7860BF20174E2A00D62B01 /* BKCardPatternInfo.m */; };
		EA7860CC20174E2A00D62B01 /* BKCurrencyTextField.m in Sources */ = {isa = PBXBuildFile; fileRef = EA7860C120174E2A00D62B01 /* BKCurrencyTextField.m */; };
		EA7860CD20174E2A00D62B01 /* BKForwardingTextField.m in Sources */ = {isa = PBXBuildFile; fileRef = EA7860C320174E2A00D62B01 /* BKForwardingTextField.m */; };
		EA7860CE20174E2A00D62B01 /* BKMoneyKit.bundle in Resources */ = {isa = PBXBuildFile; fileRef = EA7860C420174E2A00D62B01 /* BKMoneyKit.bundle */; };
		EA7860CF20174E2A00D62B01 /* BKMoneyUtils.m in Sources */ = {isa = PBXBuildFile; fileRef = EA7860C620174E2A00D62B01 /* BKMoneyUtils.m */; };
		EA7860D22017677200D62B01 /* GiftCreditCardPaymentViewController.m in Sources */ = {isa = PBXBuildFile; fileRef = EA7860D12017677200D62B01 /* GiftCreditCardPaymentViewController.m */; };
		EA992E9C1FE3EFCF00A47BE4 /* UIKit.framework in Frameworks */ = {isa = PBXBuildFile; fileRef = EA992E9B1FE3EFCF00A47BE4 /* UIKit.framework */; };
		EA992EA71FE3F0FA00A47BE4 /* MainTabController.m in Sources */ = {isa = PBXBuildFile; fileRef = EA992EA21FE3F0FA00A47BE4 /* MainTabController.m */; };
		EA992EA81FE3F0FA00A47BE4 /* SYTabBar.m in Sources */ = {isa = PBXBuildFile; fileRef = EA992EA41FE3F0FA00A47BE4 /* SYTabBar.m */; };
		EA992EA91FE3F0FA00A47BE4 /* SYTabBarController.m in Sources */ = {isa = PBXBuildFile; fileRef = EA992EA61FE3F0FA00A47BE4 /* SYTabBarController.m */; };
		EAA0798A1FE3B3F0008132F0 /* homeViewController.m in Sources */ = {isa = PBXBuildFile; fileRef = EAA079891FE3B3F0008132F0 /* homeViewController.m */; };
		EAA079901FE3DC43008132F0 /* HomeCollectionViewCell.m in Sources */ = {isa = PBXBuildFile; fileRef = EAA0798F1FE3DC43008132F0 /* HomeCollectionViewCell.m */; };
		EAA079931FE3E3A6008132F0 /* HomePostCollectionViewCell.m in Sources */ = {isa = PBXBuildFile; fileRef = EAA079921FE3E3A6008132F0 /* HomePostCollectionViewCell.m */; };
		EAB278652010977200EE460E /* PersonalProfile.storyboard in Resources */ = {isa = PBXBuildFile; fileRef = EAB278642010977200EE460E /* PersonalProfile.storyboard */; };
		EAB2786B2010A05C00EE460E /* personalProfileViewController.m in Sources */ = {isa = PBXBuildFile; fileRef = EAB2786A2010A05C00EE460E /* personalProfileViewController.m */; };
		EAB2786F2010A6C500EE460E /* CreateCampaignViewController.m in Sources */ = {isa = PBXBuildFile; fileRef = EAB2786E2010A6C500EE460E /* CreateCampaignViewController.m */; };
		EAB278722010B69100EE460E /* campaignUploadViewController.m in Sources */ = {isa = PBXBuildFile; fileRef = EAB278712010B69100EE460E /* campaignUploadViewController.m */; };
		EAB2788F2010BB2E00EE460E /* AbstractActionSheetPicker.m in Sources */ = {isa = PBXBuildFile; fileRef = EAB278882010BB2E00EE460E /* AbstractActionSheetPicker.m */; };
		EAB278902010BB2E00EE460E /* ActionSheetDatePicker.m in Sources */ = {isa = PBXBuildFile; fileRef = EAB2788A2010BB2E00EE460E /* ActionSheetDatePicker.m */; };
		EAB278912010BB2E00EE460E /* NSDate+TCUtils.m in Sources */ = {isa = PBXBuildFile; fileRef = EAB2788C2010BB2E00EE460E /* NSDate+TCUtils.m */; };
		EAB278922010BB2E00EE460E /* SWActionSheet.m in Sources */ = {isa = PBXBuildFile; fileRef = EAB2788E2010BB2E00EE460E /* SWActionSheet.m */; };
		EAB278952010BD8300EE460E /* PersonalProfileCollectionViewCell.m in Sources */ = {isa = PBXBuildFile; fileRef = EAB278942010BD8300EE460E /* PersonalProfileCollectionViewCell.m */; };
		EAB278982010CCD200EE460E /* CreateCampaignTableViewCell.m in Sources */ = {isa = PBXBuildFile; fileRef = EAB278972010CCD200EE460E /* CreateCampaignTableViewCell.m */; };
		EAB2789B2010CDEF00EE460E /* NewCreateViewController.m in Sources */ = {isa = PBXBuildFile; fileRef = EAB2789A2010CDEF00EE460E /* NewCreateViewController.m */; };
		EABDD16F1FE2460600E0EB32 /* SignInViewController.m in Sources */ = {isa = PBXBuildFile; fileRef = EABDD16E1FE2460600E0EB32 /* SignInViewController.m */; };
		EABDD1731FE2588100E0EB32 /* SignUpViewController.m in Sources */ = {isa = PBXBuildFile; fileRef = EABDD1721FE2588100E0EB32 /* SignUpViewController.m */; };
		EAD664E91FE262010038CA24 /* TPKeyboardAvoidingCollectionView.m in Sources */ = {isa = PBXBuildFile; fileRef = EAD664E21FE262010038CA24 /* TPKeyboardAvoidingCollectionView.m */; };
		EAD664EA1FE262010038CA24 /* TPKeyboardAvoidingScrollView.m in Sources */ = {isa = PBXBuildFile; fileRef = EAD664E41FE262010038CA24 /* TPKeyboardAvoidingScrollView.m */; };
		EAD664EB1FE262010038CA24 /* TPKeyboardAvoidingTableView.m in Sources */ = {isa = PBXBuildFile; fileRef = EAD664E61FE262010038CA24 /* TPKeyboardAvoidingTableView.m */; };
		EAD664EC1FE262010038CA24 /* UIScrollView+TPKeyboardAvoidingAdditions.m in Sources */ = {isa = PBXBuildFile; fileRef = EAD664E81FE262010038CA24 /* UIScrollView+TPKeyboardAvoidingAdditions.m */; };
		EAD664FD1FE27E9C0038CA24 /* Utility.m in Sources */ = {isa = PBXBuildFile; fileRef = EAD664FC1FE27E9C0038CA24 /* Utility.m */; };
		EAD665001FE291400038CA24 /* forgotPasswordViewController.m in Sources */ = {isa = PBXBuildFile; fileRef = EAD664FF1FE291400038CA24 /* forgotPasswordViewController.m */; };
		EADE291C2018481600796AC2 /* SearchViewController.m in Sources */ = {isa = PBXBuildFile; fileRef = EADE291B2018481600796AC2 /* SearchViewController.m */; };
		EADE291F20184BFF00796AC2 /* SearchDetailViewController.m in Sources */ = {isa = PBXBuildFile; fileRef = EADE291E20184BFF00796AC2 /* SearchDetailViewController.m */; };
		EADE2922201851A200796AC2 /* SearchDetailTableViewCell.m in Sources */ = {isa = PBXBuildFile; fileRef = EADE2921201851A200796AC2 /* SearchDetailTableViewCell.m */; };
		EADE2925201864D700796AC2 /* NotificationTableViewCell.m in Sources */ = {isa = PBXBuildFile; fileRef = EADE2924201864D700796AC2 /* NotificationTableViewCell.m */; };
		EADE2928201864ED00796AC2 /* NotificationViewController.m in Sources */ = {isa = PBXBuildFile; fileRef = EADE2927201864ED00796AC2 /* NotificationViewController.m */; };
		EADE292D201866DB00796AC2 /* SearchDetailFollowViewController.m in Sources */ = {isa = PBXBuildFile; fileRef = EADE292C201866DB00796AC2 /* SearchDetailFollowViewController.m */; };
		EADE29312018739B00796AC2 /* CHTCollectionViewWaterfallCell.m in Sources */ = {isa = PBXBuildFile; fileRef = EADE29302018739B00796AC2 /* CHTCollectionViewWaterfallCell.m */; };
		EADE293A201873E700796AC2 /* CHTCollectionViewWaterfallLayout.m in Sources */ = {isa = PBXBuildFile; fileRef = EADE2939201873E700796AC2 /* CHTCollectionViewWaterfallLayout.m */; };
		EADE293F2018741700796AC2 /* CHTCollectionViewWaterfallFooter.m in Sources */ = {isa = PBXBuildFile; fileRef = EADE293C2018741700796AC2 /* CHTCollectionViewWaterfallFooter.m */; };
		EADE29402018741700796AC2 /* CHTCollectionViewWaterfallHeader.m in Sources */ = {isa = PBXBuildFile; fileRef = EADE293E2018741700796AC2 /* CHTCollectionViewWaterfallHeader.m */; };
		EADE29452018878100796AC2 /* cat1.jpg in Resources */ = {isa = PBXBuildFile; fileRef = EADE29412018878100796AC2 /* cat1.jpg */; };
		EADE29462018878100796AC2 /* cat2.jpg in Resources */ = {isa = PBXBuildFile; fileRef = EADE29422018878100796AC2 /* cat2.jpg */; };
		EADE29472018878100796AC2 /* cat3.jpg in Resources */ = {isa = PBXBuildFile; fileRef = EADE29432018878100796AC2 /* cat3.jpg */; };
		EADE29482018878100796AC2 /* cat4.jpg in Resources */ = {isa = PBXBuildFile; fileRef = EADE29442018878100796AC2 /* cat4.jpg */; };
/* End PBXBuildFile section */

/* Begin PBXContainerItemProxy section */
		EA5C5C351FE0E7DD009879D8 /* PBXContainerItemProxy */ = {
			isa = PBXContainerItemProxy;
			containerPortal = EA5C5C131FE0E7DD009879D8 /* Project object */;
			proxyType = 1;
			remoteGlobalIDString = EA5C5C1A1FE0E7DD009879D8;
			remoteInfo = shadow;
		};
		EA5C5C401FE0E7DE009879D8 /* PBXContainerItemProxy */ = {
			isa = PBXContainerItemProxy;
			containerPortal = EA5C5C131FE0E7DD009879D8 /* Project object */;
			proxyType = 1;
			remoteGlobalIDString = EA5C5C1A1FE0E7DD009879D8;
			remoteInfo = shadow;
		};
/* End PBXContainerItemProxy section */

/* Begin PBXFileReference section */
		2323151AF4572A18368ABEE4 /* Pods-shado.release.xcconfig */ = {isa = PBXFileReference; includeInIndex = 1; lastKnownFileType = text.xcconfig; name = "Pods-shado.release.xcconfig"; path = "Pods/Target Support Files/Pods-shado/Pods-shado.release.xcconfig"; sourceTree = "<group>"; };
		2F9E2381CD1A6107A5F62286 /* Pods-shado.debug.xcconfig */ = {isa = PBXFileReference; includeInIndex = 1; lastKnownFileType = text.xcconfig; name = "Pods-shado.debug.xcconfig"; path = "Pods/Target Support Files/Pods-shado/Pods-shado.debug.xcconfig"; sourceTree = "<group>"; };
		3744DCBD4FA6BE7656A4DBA0 /* Pods-shadoTests.release.xcconfig */ = {isa = PBXFileReference; includeInIndex = 1; lastKnownFileType = text.xcconfig; name = "Pods-shadoTests.release.xcconfig"; path = "Pods/Target Support Files/Pods-shadoTests/Pods-shadoTests.release.xcconfig"; sourceTree = "<group>"; };
		7D6BA0ADE490B7C7E89B3C07 /* Pods-shadoTests.debug.xcconfig */ = {isa = PBXFileReference; includeInIndex = 1; lastKnownFileType = text.xcconfig; name = "Pods-shadoTests.debug.xcconfig"; path = "Pods/Target Support Files/Pods-shadoTests/Pods-shadoTests.debug.xcconfig"; sourceTree = "<group>"; };
		96BE495AC6781F2EBB936A4A /* Pods-shadoUITests.release.xcconfig */ = {isa = PBXFileReference; includeInIndex = 1; lastKnownFileType = text.xcconfig; name = "Pods-shadoUITests.release.xcconfig"; path = "Pods/Target Support Files/Pods-shadoUITests/Pods-shadoUITests.release.xcconfig"; sourceTree = "<group>"; };
		985FFB9BE13887992946AF4D /* libPods-shado.a */ = {isa = PBXFileReference; explicitFileType = archive.ar; includeInIndex = 0; path = "libPods-shado.a"; sourceTree = BUILT_PRODUCTS_DIR; };
		9BD5252AD3F3DE081CD0F004 /* libPods-shadoTests.a */ = {isa = PBXFileReference; explicitFileType = archive.ar; includeInIndex = 0; path = "libPods-shadoTests.a"; sourceTree = BUILT_PRODUCTS_DIR; };
		A31B4BCA70EF3C1B1CC6FCC3 /* Pods-shadoUITests.debug.xcconfig */ = {isa = PBXFileReference; includeInIndex = 1; lastKnownFileType = text.xcconfig; name = "Pods-shadoUITests.debug.xcconfig"; path = "Pods/Target Support Files/Pods-shadoUITests/Pods-shadoUITests.debug.xcconfig"; sourceTree = "<group>"; };
		E3A037012FD7014F49538E7F /* libPods-shadoUITests.a */ = {isa = PBXFileReference; explicitFileType = archive.ar; includeInIndex = 0; path = "libPods-shadoUITests.a"; sourceTree = BUILT_PRODUCTS_DIR; };
		EA33FC6E2015E34F009F7D2B /* GiftMerchandiseViewController.h */ = {isa = PBXFileReference; fileEncoding = 4; lastKnownFileType = sourcecode.c.h; path = GiftMerchandiseViewController.h; sourceTree = "<group>"; };
		EA33FC6F2015E34F009F7D2B /* GiftMerchandiseViewController.m */ = {isa = PBXFileReference; fileEncoding = 4; lastKnownFileType = sourcecode.c.objc; path = GiftMerchandiseViewController.m; sourceTree = "<group>"; };
		EA33FC712015E6C8009F7D2B /* GiftMerchandiseCollectionViewCell.h */ = {isa = PBXFileReference; fileEncoding = 4; lastKnownFileType = sourcecode.c.h; path = GiftMerchandiseCollectionViewCell.h; sourceTree = "<group>"; };
		EA33FC722015E6C8009F7D2B /* GiftMerchandiseCollectionViewCell.m */ = {isa = PBXFileReference; fileEncoding = 4; lastKnownFileType = sourcecode.c.objc; path = GiftMerchandiseCollectionViewCell.m; sourceTree = "<group>"; };
		EA4E1358202C810300F03B7D /* FCAlertView.h */ = {isa = PBXFileReference; fileEncoding = 4; lastKnownFileType = sourcecode.c.h; path = FCAlertView.h; sourceTree = "<group>"; };
		EA4E1359202C810300F03B7D /* FCAlertView.m */ = {isa = PBXFileReference; fileEncoding = 4; lastKnownFileType = sourcecode.c.objc; path = FCAlertView.m; sourceTree = "<group>"; };
		EA50F0E52020421D005F041B /* NewcreateDetailViewController.h */ = {isa = PBXFileReference; fileEncoding = 4; lastKnownFileType = sourcecode.c.h; path = NewcreateDetailViewController.h; sourceTree = "<group>"; };
		EA50F0E62020421D005F041B /* NewcreateDetailViewController.m */ = {isa = PBXFileReference; fileEncoding = 4; lastKnownFileType = sourcecode.c.objc; path = NewcreateDetailViewController.m; sourceTree = "<group>"; };
		EA50F0E82020523A005F041B /* CreateMerchandiseViewController.h */ = {isa = PBXFileReference; fileEncoding = 4; lastKnownFileType = sourcecode.c.h; name = CreateMerchandiseViewController.h; path = ../CreateMerchandiseViewController.h; sourceTree = "<group>"; };
		EA50F0E92020523A005F041B /* CreateMerchandiseViewController.m */ = {isa = PBXFileReference; fileEncoding = 4; lastKnownFileType = sourcecode.c.objc; name = CreateMerchandiseViewController.m; path = ../CreateMerchandiseViewController.m; sourceTree = "<group>"; };
		EA50F0EE20205C6B005F041B /* CreateMerchandiseListingViewController.h */ = {isa = PBXFileReference; fileEncoding = 4; lastKnownFileType = sourcecode.c.h; path = CreateMerchandiseListingViewController.h; sourceTree = "<group>"; };
		EA50F0EF20205C6B005F041B /* CreateMerchandiseListingViewController.m */ = {isa = PBXFileReference; fileEncoding = 4; lastKnownFileType = sourcecode.c.objc; path = CreateMerchandiseListingViewController.m; sourceTree = "<group>"; };
		EA5659171FECEF2D0056F537 /* HomeDetailViewController.h */ = {isa = PBXFileReference; fileEncoding = 4; lastKnownFileType = sourcecode.c.h; name = HomeDetailViewController.h; path = ../HomeDetailViewController.h; sourceTree = "<group>"; };
		EA5659181FECEF2D0056F537 /* HomeDetailViewController.m */ = {isa = PBXFileReference; fileEncoding = 4; lastKnownFileType = sourcecode.c.objc; name = HomeDetailViewController.m; path = ../HomeDetailViewController.m; sourceTree = "<group>"; };
		EA56591C1FED075B0056F537 /* HomeDetailTableViewCell.h */ = {isa = PBXFileReference; fileEncoding = 4; lastKnownFileType = sourcecode.c.h; path = HomeDetailTableViewCell.h; sourceTree = "<group>"; };
		EA56591D1FED075B0056F537 /* HomeDetailTableViewCell.m */ = {isa = PBXFileReference; fileEncoding = 4; lastKnownFileType = sourcecode.c.objc; path = HomeDetailTableViewCell.m; sourceTree = "<group>"; };
		EA5A33DF20075F8E006E765C /* giftViewController.h */ = {isa = PBXFileReference; fileEncoding = 4; lastKnownFileType = sourcecode.c.h; path = giftViewController.h; sourceTree = "<group>"; };
		EA5A33E020075F8E006E765C /* giftViewController.m */ = {isa = PBXFileReference; fileEncoding = 4; lastKnownFileType = sourcecode.c.objc; path = giftViewController.m; sourceTree = "<group>"; };
		EA5A33E420076E33006E765C /* GiftTableViewCell.h */ = {isa = PBXFileReference; fileEncoding = 4; lastKnownFileType = sourcecode.c.h; path = GiftTableViewCell.h; sourceTree = "<group>"; };
		EA5A33E520076E33006E765C /* GiftTableViewCell.m */ = {isa = PBXFileReference; fileEncoding = 4; lastKnownFileType = sourcecode.c.objc; path = GiftTableViewCell.m; sourceTree = "<group>"; };
		EA5A33E720076EA4006E765C /* GiftSliderCollectionViewCell.h */ = {isa = PBXFileReference; fileEncoding = 4; lastKnownFileType = sourcecode.c.h; name = GiftSliderCollectionViewCell.h; path = ../GiftSliderCollectionViewCell.h; sourceTree = "<group>"; };
		EA5A33E820076EA4006E765C /* GiftSliderCollectionViewCell.m */ = {isa = PBXFileReference; fileEncoding = 4; lastKnownFileType = sourcecode.c.objc; name = GiftSliderCollectionViewCell.m; path = ../GiftSliderCollectionViewCell.m; sourceTree = "<group>"; };
		EA5A33EA200791C0006E765C /* GiftDetailViewController.h */ = {isa = PBXFileReference; fileEncoding = 4; lastKnownFileType = sourcecode.c.h; path = GiftDetailViewController.h; sourceTree = "<group>"; };
		EA5A33EB200791C0006E765C /* GiftDetailViewController.m */ = {isa = PBXFileReference; fileEncoding = 4; lastKnownFileType = sourcecode.c.objc; path = GiftDetailViewController.m; sourceTree = "<group>"; };
		EA5C5C1B1FE0E7DD009879D8 /* shado.app */ = {isa = PBXFileReference; explicitFileType = wrapper.application; includeInIndex = 0; path = shado.app; sourceTree = BUILT_PRODUCTS_DIR; };
		EA5C5C1F1FE0E7DD009879D8 /* main.m */ = {isa = PBXFileReference; lastKnownFileType = sourcecode.c.objc; path = main.m; sourceTree = "<group>"; };
		EA5C5C211FE0E7DD009879D8 /* AppDelegate.h */ = {isa = PBXFileReference; lastKnownFileType = sourcecode.c.h; path = AppDelegate.h; sourceTree = "<group>"; };
		EA5C5C221FE0E7DD009879D8 /* AppDelegate.m */ = {isa = PBXFileReference; lastKnownFileType = sourcecode.c.objc; path = AppDelegate.m; sourceTree = "<group>"; };
		EA5C5C241FE0E7DD009879D8 /* ViewController.h */ = {isa = PBXFileReference; lastKnownFileType = sourcecode.c.h; path = ViewController.h; sourceTree = "<group>"; };
		EA5C5C251FE0E7DD009879D8 /* ViewController.m */ = {isa = PBXFileReference; lastKnownFileType = sourcecode.c.objc; path = ViewController.m; sourceTree = "<group>"; };
		EA5C5C281FE0E7DD009879D8 /* Base */ = {isa = PBXFileReference; lastKnownFileType = file.storyboard; name = Base; path = Base.lproj/Main.storyboard; sourceTree = "<group>"; };
		EA5C5C2A1FE0E7DD009879D8 /* Assets.xcassets */ = {isa = PBXFileReference; lastKnownFileType = folder.assetcatalog; path = Assets.xcassets; sourceTree = "<group>"; };
		EA5C5C2D1FE0E7DD009879D8 /* Base */ = {isa = PBXFileReference; lastKnownFileType = file.storyboard; name = Base; path = Base.lproj/LaunchScreen.storyboard; sourceTree = "<group>"; };
		EA5C5C2F1FE0E7DD009879D8 /* Info.plist */ = {isa = PBXFileReference; lastKnownFileType = text.plist.xml; path = Info.plist; sourceTree = "<group>"; };
		EA5C5C341FE0E7DD009879D8 /* shadoTests.xctest */ = {isa = PBXFileReference; explicitFileType = wrapper.cfbundle; includeInIndex = 0; path = shadoTests.xctest; sourceTree = BUILT_PRODUCTS_DIR; };
		EA5C5C381FE0E7DD009879D8 /* shadowTests.m */ = {isa = PBXFileReference; lastKnownFileType = sourcecode.c.objc; path = shadowTests.m; sourceTree = "<group>"; };
		EA5C5C3A1FE0E7DE009879D8 /* Info.plist */ = {isa = PBXFileReference; lastKnownFileType = text.plist.xml; path = Info.plist; sourceTree = "<group>"; };
		EA5C5C3F1FE0E7DE009879D8 /* shadoUITests.xctest */ = {isa = PBXFileReference; explicitFileType = wrapper.cfbundle; includeInIndex = 0; path = shadoUITests.xctest; sourceTree = BUILT_PRODUCTS_DIR; };
		EA5C5C431FE0E7DE009879D8 /* shadowUITests.m */ = {isa = PBXFileReference; lastKnownFileType = sourcecode.c.objc; path = shadowUITests.m; sourceTree = "<group>"; };
		EA5C5C451FE0E7DE009879D8 /* Info.plist */ = {isa = PBXFileReference; lastKnownFileType = text.plist.xml; path = Info.plist; sourceTree = "<group>"; };
		EA6F0D79202185D9002FAA52 /* ApiMaster.h */ = {isa = PBXFileReference; fileEncoding = 4; lastKnownFileType = sourcecode.c.h; path = ApiMaster.h; sourceTree = "<group>"; };
		EA6F0D7A202185D9002FAA52 /* ApiMaster.m */ = {isa = PBXFileReference; fileEncoding = 4; lastKnownFileType = sourcecode.c.objc; path = ApiMaster.m; sourceTree = "<group>"; };
		EA6F0D7C20218B82002FAA52 /* MBProgressHUD.h */ = {isa = PBXFileReference; fileEncoding = 4; lastKnownFileType = sourcecode.c.h; path = MBProgressHUD.h; sourceTree = "<group>"; };
		EA6F0D7D20218B82002FAA52 /* MBProgressHUD.m */ = {isa = PBXFileReference; fileEncoding = 4; lastKnownFileType = sourcecode.c.objc; path = MBProgressHUD.m; sourceTree = "<group>"; };
		EA6F0D8020218BAB002FAA52 /* RunOnMainThread.h */ = {isa = PBXFileReference; fileEncoding = 4; lastKnownFileType = sourcecode.c.h; path = RunOnMainThread.h; sourceTree = "<group>"; };
		EA6F0D8120218BAB002FAA52 /* RunOnMainThread.m */ = {isa = PBXFileReference; fileEncoding = 4; lastKnownFileType = sourcecode.c.objc; path = RunOnMainThread.m; sourceTree = "<group>"; };
		EA6F0D8420218CB7002FAA52 /* FSActionSheet.h */ = {isa = PBXFileReference; fileEncoding = 4; lastKnownFileType = sourcecode.c.h; path = FSActionSheet.h; sourceTree = "<group>"; };
		EA6F0D8520218CB7002FAA52 /* FSActionSheet.m */ = {isa = PBXFileReference; fileEncoding = 4; lastKnownFileType = sourcecode.c.objc; path = FSActionSheet.m; sourceTree = "<group>"; };
		EA6F0D8620218CB7002FAA52 /* FSActionSheetCell.h */ = {isa = PBXFileReference; fileEncoding = 4; lastKnownFileType = sourcecode.c.h; path = FSActionSheetCell.h; sourceTree = "<group>"; };
		EA6F0D8720218CB7002FAA52 /* FSActionSheetCell.m */ = {isa = PBXFileReference; fileEncoding = 4; lastKnownFileType = sourcecode.c.objc; path = FSActionSheetCell.m; sourceTree = "<group>"; };
		EA6F0D8820218CB7002FAA52 /* FSActionSheetConfig.h */ = {isa = PBXFileReference; fileEncoding = 4; lastKnownFileType = sourcecode.c.h; path = FSActionSheetConfig.h; sourceTree = "<group>"; };
		EA6F0D8920218CB7002FAA52 /* FSActionSheetConfig.m */ = {isa = PBXFileReference; fileEncoding = 4; lastKnownFileType = sourcecode.c.objc; path = FSActionSheetConfig.m; sourceTree = "<group>"; };
		EA6F0D8A20218CB7002FAA52 /* FSActionSheetItem.h */ = {isa = PBXFileReference; fileEncoding = 4; lastKnownFileType = sourcecode.c.h; path = FSActionSheetItem.h; sourceTree = "<group>"; };
		EA6F0D8B20218CB7002FAA52 /* FSActionSheetItem.m */ = {isa = PBXFileReference; fileEncoding = 4; lastKnownFileType = sourcecode.c.objc; path = FSActionSheetItem.m; sourceTree = "<group>"; };
		EA6F0D9120218CE3002FAA52 /* FSActionSheet_cancel@2x.png */ = {isa = PBXFileReference; lastKnownFileType = image.png; path = "FSActionSheet_cancel@2x.png"; sourceTree = "<group>"; };
		EA6F0D9220218CE3002FAA52 /* FSActionSheet_cancel@3x.png */ = {isa = PBXFileReference; lastKnownFileType = image.png; path = "FSActionSheet_cancel@3x.png"; sourceTree = "<group>"; };
		EA6F0D9C2021A990002FAA52 /* profile.storyboard */ = {isa = PBXFileReference; fileEncoding = 4; lastKnownFileType = file.storyboard; name = profile.storyboard; path = ../profile.storyboard; sourceTree = "<group>"; };
		EA6F0D9F2021AB4A002FAA52 /* ProfileViewController.h */ = {isa = PBXFileReference; fileEncoding = 4; lastKnownFileType = sourcecode.c.h; path = ProfileViewController.h; sourceTree = "<group>"; };
		EA6F0DA02021AB4A002FAA52 /* ProfileViewController.m */ = {isa = PBXFileReference; fileEncoding = 4; lastKnownFileType = sourcecode.c.objc; path = ProfileViewController.m; sourceTree = "<group>"; };
		EA6F0DA22021BCEB002FAA52 /* changePasswordViewController.h */ = {isa = PBXFileReference; fileEncoding = 4; lastKnownFileType = sourcecode.c.h; path = changePasswordViewController.h; sourceTree = "<group>"; };
		EA6F0DA32021BCEB002FAA52 /* changePasswordViewController.m */ = {isa = PBXFileReference; fileEncoding = 4; lastKnownFileType = sourcecode.c.objc; path = changePasswordViewController.m; sourceTree = "<group>"; };
		EA7860AF20173C0200D62B01 /* GiftMerchandiseDetailViewController.h */ = {isa = PBXFileReference; fileEncoding = 4; lastKnownFileType = sourcecode.c.h; path = GiftMerchandiseDetailViewController.h; sourceTree = "<group>"; };
		EA7860B020173C0200D62B01 /* GiftMerchandiseDetailViewController.m */ = {isa = PBXFileReference; fileEncoding = 4; lastKnownFileType = sourcecode.c.objc; path = GiftMerchandiseDetailViewController.m; sourceTree = "<group>"; };
		EA7860B620174E2A00D62B01 /* BKCardExpiryField.h */ = {isa = PBXFileReference; fileEncoding = 4; lastKnownFileType = sourcecode.c.h; path = BKCardExpiryField.h; sourceTree = "<group>"; };
		EA7860B720174E2A00D62B01 /* BKCardExpiryField.m */ = {isa = PBXFileReference; fileEncoding = 4; lastKnownFileType = sourcecode.c.objc; path = BKCardExpiryField.m; sourceTree = "<group>"; };
		EA7860B820174E2A00D62B01 /* BKCardNumberField.h */ = {isa = PBXFileReference; fileEncoding = 4; lastKnownFileType = sourcecode.c.h; path = BKCardNumberField.h; sourceTree = "<group>"; };
		EA7860B920174E2A00D62B01 /* BKCardNumberField.m */ = {isa = PBXFileReference; fileEncoding = 4; lastKnownFileType = sourcecode.c.objc; path = BKCardNumberField.m; sourceTree = "<group>"; };
		EA7860BA20174E2A00D62B01 /* BKCardNumberFormatter.h */ = {isa = PBXFileReference; fileEncoding = 4; lastKnownFileType = sourcecode.c.h; path = BKCardNumberFormatter.h; sourceTree = "<group>"; };
		EA7860BB20174E2A00D62B01 /* BKCardNumberFormatter.m */ = {isa = PBXFileReference; fileEncoding = 4; lastKnownFileType = sourcecode.c.objc; path = BKCardNumberFormatter.m; sourceTree = "<group>"; };
		EA7860BC20174E2A00D62B01 /* BKCardNumberLabel.h */ = {isa = PBXFileReference; fileEncoding = 4; lastKnownFileType = sourcecode.c.h; path = BKCardNumberLabel.h; sourceTree = "<group>"; };
		EA7860BD20174E2A00D62B01 /* BKCardNumberLabel.m */ = {isa = PBXFileReference; fileEncoding = 4; lastKnownFileType = sourcecode.c.objc; path = BKCardNumberLabel.m; sourceTree = "<group>"; };
		EA7860BE20174E2A00D62B01 /* BKCardPatternInfo.h */ = {isa = PBXFileReference; fileEncoding = 4; lastKnownFileType = sourcecode.c.h; path = BKCardPatternInfo.h; sourceTree = "<group>"; };
		EA7860BF20174E2A00D62B01 /* BKCardPatternInfo.m */ = {isa = PBXFileReference; fileEncoding = 4; lastKnownFileType = sourcecode.c.objc; path = BKCardPatternInfo.m; sourceTree = "<group>"; };
		EA7860C020174E2A00D62B01 /* BKCurrencyTextField.h */ = {isa = PBXFileReference; fileEncoding = 4; lastKnownFileType = sourcecode.c.h; path = BKCurrencyTextField.h; sourceTree = "<group>"; };
		EA7860C120174E2A00D62B01 /* BKCurrencyTextField.m */ = {isa = PBXFileReference; fileEncoding = 4; lastKnownFileType = sourcecode.c.objc; path = BKCurrencyTextField.m; sourceTree = "<group>"; };
		EA7860C220174E2A00D62B01 /* BKForwardingTextField.h */ = {isa = PBXFileReference; fileEncoding = 4; lastKnownFileType = sourcecode.c.h; path = BKForwardingTextField.h; sourceTree = "<group>"; };
		EA7860C320174E2A00D62B01 /* BKForwardingTextField.m */ = {isa = PBXFileReference; fileEncoding = 4; lastKnownFileType = sourcecode.c.objc; path = BKForwardingTextField.m; sourceTree = "<group>"; };
		EA7860C420174E2A00D62B01 /* BKMoneyKit.bundle */ = {isa = PBXFileReference; lastKnownFileType = "wrapper.plug-in"; path = BKMoneyKit.bundle; sourceTree = "<group>"; };
		EA7860C520174E2A00D62B01 /* BKMoneyUtils.h */ = {isa = PBXFileReference; fileEncoding = 4; lastKnownFileType = sourcecode.c.h; path = BKMoneyUtils.h; sourceTree = "<group>"; };
		EA7860C620174E2A00D62B01 /* BKMoneyUtils.m */ = {isa = PBXFileReference; fileEncoding = 4; lastKnownFileType = sourcecode.c.objc; path = BKMoneyUtils.m; sourceTree = "<group>"; };
		EA7860D02017677100D62B01 /* GiftCreditCardPaymentViewController.h */ = {isa = PBXFileReference; fileEncoding = 4; lastKnownFileType = sourcecode.c.h; name = GiftCreditCardPaymentViewController.h; path = ../GiftCreditCardPaymentViewController.h; sourceTree = "<group>"; };
		EA7860D12017677200D62B01 /* GiftCreditCardPaymentViewController.m */ = {isa = PBXFileReference; fileEncoding = 4; lastKnownFileType = sourcecode.c.objc; name = GiftCreditCardPaymentViewController.m; path = ../GiftCreditCardPaymentViewController.m; sourceTree = "<group>"; };
		EA992E9B1FE3EFCF00A47BE4 /* UIKit.framework */ = {isa = PBXFileReference; lastKnownFileType = wrapper.framework; name = UIKit.framework; path = System/Library/Frameworks/UIKit.framework; sourceTree = SDKROOT; };
		EA992EA11FE3F0FA00A47BE4 /* MainTabController.h */ = {isa = PBXFileReference; fileEncoding = 4; lastKnownFileType = sourcecode.c.h; path = MainTabController.h; sourceTree = "<group>"; };
		EA992EA21FE3F0FA00A47BE4 /* MainTabController.m */ = {isa = PBXFileReference; fileEncoding = 4; lastKnownFileType = sourcecode.c.objc; path = MainTabController.m; sourceTree = "<group>"; };
		EA992EA31FE3F0FA00A47BE4 /* SYTabBar.h */ = {isa = PBXFileReference; fileEncoding = 4; lastKnownFileType = sourcecode.c.h; path = SYTabBar.h; sourceTree = "<group>"; };
		EA992EA41FE3F0FA00A47BE4 /* SYTabBar.m */ = {isa = PBXFileReference; fileEncoding = 4; lastKnownFileType = sourcecode.c.objc; path = SYTabBar.m; sourceTree = "<group>"; };
		EA992EA51FE3F0FA00A47BE4 /* SYTabBarController.h */ = {isa = PBXFileReference; fileEncoding = 4; lastKnownFileType = sourcecode.c.h; path = SYTabBarController.h; sourceTree = "<group>"; };
		EA992EA61FE3F0FA00A47BE4 /* SYTabBarController.m */ = {isa = PBXFileReference; fileEncoding = 4; lastKnownFileType = sourcecode.c.objc; path = SYTabBarController.m; sourceTree = "<group>"; };
		EAA079881FE3B3F0008132F0 /* homeViewController.h */ = {isa = PBXFileReference; fileEncoding = 4; lastKnownFileType = sourcecode.c.h; path = homeViewController.h; sourceTree = "<group>"; };
		EAA079891FE3B3F0008132F0 /* homeViewController.m */ = {isa = PBXFileReference; fileEncoding = 4; lastKnownFileType = sourcecode.c.objc; path = homeViewController.m; sourceTree = "<group>"; };
		EAA0798E1FE3DC43008132F0 /* HomeCollectionViewCell.h */ = {isa = PBXFileReference; fileEncoding = 4; lastKnownFileType = sourcecode.c.h; name = HomeCollectionViewCell.h; path = ../HomeCollectionViewCell.h; sourceTree = "<group>"; };
		EAA0798F1FE3DC43008132F0 /* HomeCollectionViewCell.m */ = {isa = PBXFileReference; fileEncoding = 4; lastKnownFileType = sourcecode.c.objc; name = HomeCollectionViewCell.m; path = ../HomeCollectionViewCell.m; sourceTree = "<group>"; };
		EAA079911FE3E3A6008132F0 /* HomePostCollectionViewCell.h */ = {isa = PBXFileReference; fileEncoding = 4; lastKnownFileType = sourcecode.c.h; name = HomePostCollectionViewCell.h; path = ../HomePostCollectionViewCell.h; sourceTree = "<group>"; };
		EAA079921FE3E3A6008132F0 /* HomePostCollectionViewCell.m */ = {isa = PBXFileReference; fileEncoding = 4; lastKnownFileType = sourcecode.c.objc; name = HomePostCollectionViewCell.m; path = ../HomePostCollectionViewCell.m; sourceTree = "<group>"; };
		EAB278642010977200EE460E /* PersonalProfile.storyboard */ = {isa = PBXFileReference; fileEncoding = 4; lastKnownFileType = file.storyboard; path = PersonalProfile.storyboard; sourceTree = "<group>"; };
		EAB278692010A05C00EE460E /* personalProfileViewController.h */ = {isa = PBXFileReference; fileEncoding = 4; lastKnownFileType = sourcecode.c.h; path = personalProfileViewController.h; sourceTree = "<group>"; };
		EAB2786A2010A05C00EE460E /* personalProfileViewController.m */ = {isa = PBXFileReference; fileEncoding = 4; lastKnownFileType = sourcecode.c.objc; path = personalProfileViewController.m; sourceTree = "<group>"; };
		EAB2786D2010A6C500EE460E /* CreateCampaignViewController.h */ = {isa = PBXFileReference; fileEncoding = 4; lastKnownFileType = sourcecode.c.h; path = CreateCampaignViewController.h; sourceTree = "<group>"; };
		EAB2786E2010A6C500EE460E /* CreateCampaignViewController.m */ = {isa = PBXFileReference; fileEncoding = 4; lastKnownFileType = sourcecode.c.objc; path = CreateCampaignViewController.m; sourceTree = "<group>"; };
		EAB278702010B69100EE460E /* campaignUploadViewController.h */ = {isa = PBXFileReference; fileEncoding = 4; lastKnownFileType = sourcecode.c.h; path = campaignUploadViewController.h; sourceTree = "<group>"; };
		EAB278712010B69100EE460E /* campaignUploadViewController.m */ = {isa = PBXFileReference; fileEncoding = 4; lastKnownFileType = sourcecode.c.objc; path = campaignUploadViewController.m; sourceTree = "<group>"; };
		EAB278872010BB2E00EE460E /* AbstractActionSheetPicker.h */ = {isa = PBXFileReference; fileEncoding = 4; lastKnownFileType = sourcecode.c.h; path = AbstractActionSheetPicker.h; sourceTree = "<group>"; };
		EAB278882010BB2E00EE460E /* AbstractActionSheetPicker.m */ = {isa = PBXFileReference; fileEncoding = 4; lastKnownFileType = sourcecode.c.objc; path = AbstractActionSheetPicker.m; sourceTree = "<group>"; };
		EAB278892010BB2E00EE460E /* ActionSheetDatePicker.h */ = {isa = PBXFileReference; fileEncoding = 4; lastKnownFileType = sourcecode.c.h; path = ActionSheetDatePicker.h; sourceTree = "<group>"; };
		EAB2788A2010BB2E00EE460E /* ActionSheetDatePicker.m */ = {isa = PBXFileReference; fileEncoding = 4; lastKnownFileType = sourcecode.c.objc; path = ActionSheetDatePicker.m; sourceTree = "<group>"; };
		EAB2788B2010BB2E00EE460E /* NSDate+TCUtils.h */ = {isa = PBXFileReference; fileEncoding = 4; lastKnownFileType = sourcecode.c.h; path = "NSDate+TCUtils.h"; sourceTree = "<group>"; };
		EAB2788C2010BB2E00EE460E /* NSDate+TCUtils.m */ = {isa = PBXFileReference; fileEncoding = 4; lastKnownFileType = sourcecode.c.objc; path = "NSDate+TCUtils.m"; sourceTree = "<group>"; };
		EAB2788D2010BB2E00EE460E /* SWActionSheet.h */ = {isa = PBXFileReference; fileEncoding = 4; lastKnownFileType = sourcecode.c.h; path = SWActionSheet.h; sourceTree = "<group>"; };
		EAB2788E2010BB2E00EE460E /* SWActionSheet.m */ = {isa = PBXFileReference; fileEncoding = 4; lastKnownFileType = sourcecode.c.objc; path = SWActionSheet.m; sourceTree = "<group>"; };
		EAB278932010BD8300EE460E /* PersonalProfileCollectionViewCell.h */ = {isa = PBXFileReference; fileEncoding = 4; lastKnownFileType = sourcecode.c.h; path = PersonalProfileCollectionViewCell.h; sourceTree = "<group>"; };
		EAB278942010BD8300EE460E /* PersonalProfileCollectionViewCell.m */ = {isa = PBXFileReference; fileEncoding = 4; lastKnownFileType = sourcecode.c.objc; path = PersonalProfileCollectionViewCell.m; sourceTree = "<group>"; };
		EAB278962010CCD200EE460E /* CreateCampaignTableViewCell.h */ = {isa = PBXFileReference; fileEncoding = 4; lastKnownFileType = sourcecode.c.h; path = CreateCampaignTableViewCell.h; sourceTree = "<group>"; };
		EAB278972010CCD200EE460E /* CreateCampaignTableViewCell.m */ = {isa = PBXFileReference; fileEncoding = 4; lastKnownFileType = sourcecode.c.objc; path = CreateCampaignTableViewCell.m; sourceTree = "<group>"; };
		EAB278992010CDEF00EE460E /* NewCreateViewController.h */ = {isa = PBXFileReference; fileEncoding = 4; lastKnownFileType = sourcecode.c.h; path = NewCreateViewController.h; sourceTree = "<group>"; };
		EAB2789A2010CDEF00EE460E /* NewCreateViewController.m */ = {isa = PBXFileReference; fileEncoding = 4; lastKnownFileType = sourcecode.c.objc; path = NewCreateViewController.m; sourceTree = "<group>"; };
		EABDD16D1FE2460600E0EB32 /* SignInViewController.h */ = {isa = PBXFileReference; fileEncoding = 4; lastKnownFileType = sourcecode.c.h; path = SignInViewController.h; sourceTree = "<group>"; };
		EABDD16E1FE2460600E0EB32 /* SignInViewController.m */ = {isa = PBXFileReference; fileEncoding = 4; lastKnownFileType = sourcecode.c.objc; path = SignInViewController.m; sourceTree = "<group>"; };
		EABDD1711FE2588100E0EB32 /* SignUpViewController.h */ = {isa = PBXFileReference; fileEncoding = 4; lastKnownFileType = sourcecode.c.h; path = SignUpViewController.h; sourceTree = "<group>"; };
		EABDD1721FE2588100E0EB32 /* SignUpViewController.m */ = {isa = PBXFileReference; fileEncoding = 4; lastKnownFileType = sourcecode.c.objc; path = SignUpViewController.m; sourceTree = "<group>"; };
		EABDD1741FE25F4A00E0EB32 /* PrefixHeader.pch */ = {isa = PBXFileReference; lastKnownFileType = sourcecode.c.h; path = PrefixHeader.pch; sourceTree = "<group>"; };
		EAD664E11FE262010038CA24 /* TPKeyboardAvoidingCollectionView.h */ = {isa = PBXFileReference; fileEncoding = 4; lastKnownFileType = sourcecode.c.h; path = TPKeyboardAvoidingCollectionView.h; sourceTree = "<group>"; };
		EAD664E21FE262010038CA24 /* TPKeyboardAvoidingCollectionView.m */ = {isa = PBXFileReference; fileEncoding = 4; lastKnownFileType = sourcecode.c.objc; path = TPKeyboardAvoidingCollectionView.m; sourceTree = "<group>"; };
		EAD664E31FE262010038CA24 /* TPKeyboardAvoidingScrollView.h */ = {isa = PBXFileReference; fileEncoding = 4; lastKnownFileType = sourcecode.c.h; path = TPKeyboardAvoidingScrollView.h; sourceTree = "<group>"; };
		EAD664E41FE262010038CA24 /* TPKeyboardAvoidingScrollView.m */ = {isa = PBXFileReference; fileEncoding = 4; lastKnownFileType = sourcecode.c.objc; path = TPKeyboardAvoidingScrollView.m; sourceTree = "<group>"; };
		EAD664E51FE262010038CA24 /* TPKeyboardAvoidingTableView.h */ = {isa = PBXFileReference; fileEncoding = 4; lastKnownFileType = sourcecode.c.h; path = TPKeyboardAvoidingTableView.h; sourceTree = "<group>"; };
		EAD664E61FE262010038CA24 /* TPKeyboardAvoidingTableView.m */ = {isa = PBXFileReference; fileEncoding = 4; lastKnownFileType = sourcecode.c.objc; path = TPKeyboardAvoidingTableView.m; sourceTree = "<group>"; };
		EAD664E71FE262010038CA24 /* UIScrollView+TPKeyboardAvoidingAdditions.h */ = {isa = PBXFileReference; fileEncoding = 4; lastKnownFileType = sourcecode.c.h; path = "UIScrollView+TPKeyboardAvoidingAdditions.h"; sourceTree = "<group>"; };
		EAD664E81FE262010038CA24 /* UIScrollView+TPKeyboardAvoidingAdditions.m */ = {isa = PBXFileReference; fileEncoding = 4; lastKnownFileType = sourcecode.c.objc; path = "UIScrollView+TPKeyboardAvoidingAdditions.m"; sourceTree = "<group>"; };
		EAD664FA1FE27E9C0038CA24 /* Constants.h */ = {isa = PBXFileReference; fileEncoding = 4; lastKnownFileType = sourcecode.c.h; path = Constants.h; sourceTree = "<group>"; };
		EAD664FB1FE27E9C0038CA24 /* Utility.h */ = {isa = PBXFileReference; fileEncoding = 4; lastKnownFileType = sourcecode.c.h; path = Utility.h; sourceTree = "<group>"; };
		EAD664FC1FE27E9C0038CA24 /* Utility.m */ = {isa = PBXFileReference; fileEncoding = 4; lastKnownFileType = sourcecode.c.objc; path = Utility.m; sourceTree = "<group>"; };
		EAD664FE1FE291400038CA24 /* forgotPasswordViewController.h */ = {isa = PBXFileReference; fileEncoding = 4; lastKnownFileType = sourcecode.c.h; path = forgotPasswordViewController.h; sourceTree = "<group>"; };
		EAD664FF1FE291400038CA24 /* forgotPasswordViewController.m */ = {isa = PBXFileReference; fileEncoding = 4; lastKnownFileType = sourcecode.c.objc; path = forgotPasswordViewController.m; sourceTree = "<group>"; };
		EADE291A2018481600796AC2 /* SearchViewController.h */ = {isa = PBXFileReference; fileEncoding = 4; lastKnownFileType = sourcecode.c.h; path = SearchViewController.h; sourceTree = "<group>"; };
		EADE291B2018481600796AC2 /* SearchViewController.m */ = {isa = PBXFileReference; fileEncoding = 4; lastKnownFileType = sourcecode.c.objc; path = SearchViewController.m; sourceTree = "<group>"; };
		EADE291D20184BFF00796AC2 /* SearchDetailViewController.h */ = {isa = PBXFileReference; fileEncoding = 4; lastKnownFileType = sourcecode.c.h; path = SearchDetailViewController.h; sourceTree = "<group>"; };
		EADE291E20184BFF00796AC2 /* SearchDetailViewController.m */ = {isa = PBXFileReference; fileEncoding = 4; lastKnownFileType = sourcecode.c.objc; path = SearchDetailViewController.m; sourceTree = "<group>"; };
		EADE2920201851A200796AC2 /* SearchDetailTableViewCell.h */ = {isa = PBXFileReference; fileEncoding = 4; lastKnownFileType = sourcecode.c.h; path = SearchDetailTableViewCell.h; sourceTree = "<group>"; };
		EADE2921201851A200796AC2 /* SearchDetailTableViewCell.m */ = {isa = PBXFileReference; fileEncoding = 4; lastKnownFileType = sourcecode.c.objc; path = SearchDetailTableViewCell.m; sourceTree = "<group>"; };
		EADE2923201864D700796AC2 /* NotificationTableViewCell.h */ = {isa = PBXFileReference; fileEncoding = 4; lastKnownFileType = sourcecode.c.h; path = NotificationTableViewCell.h; sourceTree = "<group>"; };
		EADE2924201864D700796AC2 /* NotificationTableViewCell.m */ = {isa = PBXFileReference; fileEncoding = 4; lastKnownFileType = sourcecode.c.objc; path = NotificationTableViewCell.m; sourceTree = "<group>"; };
		EADE2926201864ED00796AC2 /* NotificationViewController.h */ = {isa = PBXFileReference; fileEncoding = 4; lastKnownFileType = sourcecode.c.h; path = NotificationViewController.h; sourceTree = "<group>"; };
		EADE2927201864ED00796AC2 /* NotificationViewController.m */ = {isa = PBXFileReference; fileEncoding = 4; lastKnownFileType = sourcecode.c.objc; path = NotificationViewController.m; sourceTree = "<group>"; };
		EADE292B201866DB00796AC2 /* SearchDetailFollowViewController.h */ = {isa = PBXFileReference; fileEncoding = 4; lastKnownFileType = sourcecode.c.h; path = SearchDetailFollowViewController.h; sourceTree = "<group>"; };
		EADE292C201866DB00796AC2 /* SearchDetailFollowViewController.m */ = {isa = PBXFileReference; fileEncoding = 4; lastKnownFileType = sourcecode.c.objc; path = SearchDetailFollowViewController.m; sourceTree = "<group>"; };
		EADE292F2018739B00796AC2 /* CHTCollectionViewWaterfallCell.h */ = {isa = PBXFileReference; fileEncoding = 4; lastKnownFileType = sourcecode.c.h; path = CHTCollectionViewWaterfallCell.h; sourceTree = "<group>"; };
		EADE29302018739B00796AC2 /* CHTCollectionViewWaterfallCell.m */ = {isa = PBXFileReference; fileEncoding = 4; lastKnownFileType = sourcecode.c.objc; path = CHTCollectionViewWaterfallCell.m; sourceTree = "<group>"; };
		EADE2938201873E700796AC2 /* CHTCollectionViewWaterfallLayout.h */ = {isa = PBXFileReference; fileEncoding = 4; lastKnownFileType = sourcecode.c.h; path = CHTCollectionViewWaterfallLayout.h; sourceTree = "<group>"; };
		EADE2939201873E700796AC2 /* CHTCollectionViewWaterfallLayout.m */ = {isa = PBXFileReference; fileEncoding = 4; lastKnownFileType = sourcecode.c.objc; path = CHTCollectionViewWaterfallLayout.m; sourceTree = "<group>"; };
		EADE293B2018741700796AC2 /* CHTCollectionViewWaterfallFooter.h */ = {isa = PBXFileReference; fileEncoding = 4; lastKnownFileType = sourcecode.c.h; path = CHTCollectionViewWaterfallFooter.h; sourceTree = "<group>"; };
		EADE293C2018741700796AC2 /* CHTCollectionViewWaterfallFooter.m */ = {isa = PBXFileReference; fileEncoding = 4; lastKnownFileType = sourcecode.c.objc; path = CHTCollectionViewWaterfallFooter.m; sourceTree = "<group>"; };
		EADE293D2018741700796AC2 /* CHTCollectionViewWaterfallHeader.h */ = {isa = PBXFileReference; fileEncoding = 4; lastKnownFileType = sourcecode.c.h; path = CHTCollectionViewWaterfallHeader.h; sourceTree = "<group>"; };
		EADE293E2018741700796AC2 /* CHTCollectionViewWaterfallHeader.m */ = {isa = PBXFileReference; fileEncoding = 4; lastKnownFileType = sourcecode.c.objc; path = CHTCollectionViewWaterfallHeader.m; sourceTree = "<group>"; };
		EADE29412018878100796AC2 /* cat1.jpg */ = {isa = PBXFileReference; lastKnownFileType = image.jpeg; path = cat1.jpg; sourceTree = "<group>"; };
		EADE29422018878100796AC2 /* cat2.jpg */ = {isa = PBXFileReference; lastKnownFileType = image.jpeg; path = cat2.jpg; sourceTree = "<group>"; };
		EADE29432018878100796AC2 /* cat3.jpg */ = {isa = PBXFileReference; lastKnownFileType = image.jpeg; path = cat3.jpg; sourceTree = "<group>"; };
		EADE29442018878100796AC2 /* cat4.jpg */ = {isa = PBXFileReference; lastKnownFileType = image.jpeg; path = cat4.jpg; sourceTree = "<group>"; };
/* End PBXFileReference section */

/* Begin PBXFrameworksBuildPhase section */
		EA5C5C181FE0E7DD009879D8 /* Frameworks */ = {
			isa = PBXFrameworksBuildPhase;
			buildActionMask = 2147483647;
			files = (
				EA992E9C1FE3EFCF00A47BE4 /* UIKit.framework in Frameworks */,
				11356622341FD8A218CE10F5 /* libPods-shado.a in Frameworks */,
			);
			runOnlyForDeploymentPostprocessing = 0;
		};
		EA5C5C311FE0E7DD009879D8 /* Frameworks */ = {
			isa = PBXFrameworksBuildPhase;
			buildActionMask = 2147483647;
			files = (
				629F8BA03B4F0C8DDB2E2E36 /* libPods-shadoTests.a in Frameworks */,
			);
			runOnlyForDeploymentPostprocessing = 0;
		};
		EA5C5C3C1FE0E7DE009879D8 /* Frameworks */ = {
			isa = PBXFrameworksBuildPhase;
			buildActionMask = 2147483647;
			files = (
				0DE8B8358EB5B8EA14D23CA9 /* libPods-shadoUITests.a in Frameworks */,
			);
			runOnlyForDeploymentPostprocessing = 0;
		};
/* End PBXFrameworksBuildPhase section */

/* Begin PBXGroup section */
		98523E3FE26BA6D26FA5FC82 /* Pods */ = {
			isa = PBXGroup;
			children = (
				2F9E2381CD1A6107A5F62286 /* Pods-shado.debug.xcconfig */,
				2323151AF4572A18368ABEE4 /* Pods-shado.release.xcconfig */,
				7D6BA0ADE490B7C7E89B3C07 /* Pods-shadoTests.debug.xcconfig */,
				3744DCBD4FA6BE7656A4DBA0 /* Pods-shadoTests.release.xcconfig */,
				A31B4BCA70EF3C1B1CC6FCC3 /* Pods-shadoUITests.debug.xcconfig */,
				96BE495AC6781F2EBB936A4A /* Pods-shadoUITests.release.xcconfig */,
			);
			name = Pods;
			sourceTree = "<group>";
		};
		EA50F0EB20205244005F041B /* MY Merchandise */ = {
			isa = PBXGroup;
			children = (
				EA50F0E82020523A005F041B /* CreateMerchandiseViewController.h */,
				EA50F0E92020523A005F041B /* CreateMerchandiseViewController.m */,
				EA50F0EE20205C6B005F041B /* CreateMerchandiseListingViewController.h */,
				EA50F0EF20205C6B005F041B /* CreateMerchandiseListingViewController.m */,
			);
			name = "MY Merchandise";
			path = shadow;
			sourceTree = "<group>";
		};
		EA50F0EC20205253005F041B /* personal Profile Info */ = {
			isa = PBXGroup;
			children = (
				EAB278692010A05C00EE460E /* personalProfileViewController.h */,
				EAB2786A2010A05C00EE460E /* personalProfileViewController.m */,
				EAB278962010CCD200EE460E /* CreateCampaignTableViewCell.h */,
				EAB278972010CCD200EE460E /* CreateCampaignTableViewCell.m */,
				EAB278932010BD8300EE460E /* PersonalProfileCollectionViewCell.h */,
				EAB278942010BD8300EE460E /* PersonalProfileCollectionViewCell.m */,
			);
			name = "personal Profile Info";
			sourceTree = "<group>";
		};
		EA50F0ED20205269005F041B /* My Campaign */ = {
			isa = PBXGroup;
			children = (
				EAB2786D2010A6C500EE460E /* CreateCampaignViewController.h */,
				EAB2786E2010A6C500EE460E /* CreateCampaignViewController.m */,
				EAB278702010B69100EE460E /* campaignUploadViewController.h */,
				EAB278712010B69100EE460E /* campaignUploadViewController.m */,
				EAB278992010CDEF00EE460E /* NewCreateViewController.h */,
				EAB2789A2010CDEF00EE460E /* NewCreateViewController.m */,
				EA50F0E52020421D005F041B /* NewcreateDetailViewController.h */,
				EA50F0E62020421D005F041B /* NewcreateDetailViewController.m */,
			);
			name = "My Campaign";
			sourceTree = "<group>";
		};
		EA56591A1FECF2850056F537 /* Home Detail View controller */ = {
			isa = PBXGroup;
			children = (
				EA5659171FECEF2D0056F537 /* HomeDetailViewController.h */,
				EA5659181FECEF2D0056F537 /* HomeDetailViewController.m */,
				EA56591C1FED075B0056F537 /* HomeDetailTableViewCell.h */,
				EA56591D1FED075B0056F537 /* HomeDetailTableViewCell.m */,
			);
			name = "Home Detail View controller";
			sourceTree = "<group>";
		};
		EA56591B1FECF2A70056F537 /* Home View Controller */ = {
			isa = PBXGroup;
			children = (
				EADE29412018878100796AC2 /* cat1.jpg */,
				EADE29422018878100796AC2 /* cat2.jpg */,
				EADE29432018878100796AC2 /* cat3.jpg */,
				EADE29442018878100796AC2 /* cat4.jpg */,
				EAA079881FE3B3F0008132F0 /* homeViewController.h */,
				EAA079891FE3B3F0008132F0 /* homeViewController.m */,
				EAA0798E1FE3DC43008132F0 /* HomeCollectionViewCell.h */,
				EAA0798F1FE3DC43008132F0 /* HomeCollectionViewCell.m */,
				EAA079911FE3E3A6008132F0 /* HomePostCollectionViewCell.h */,
				EAA079921FE3E3A6008132F0 /* HomePostCollectionViewCell.m */,
			);
			name = "Home View Controller";
			sourceTree = "<group>";
		};
		EA5A33E220075FAC006E765C /* SignIn Section */ = {
			isa = PBXGroup;
			children = (
				EAD664FE1FE291400038CA24 /* forgotPasswordViewController.h */,
				EAD664FF1FE291400038CA24 /* forgotPasswordViewController.m */,
				EABDD16D1FE2460600E0EB32 /* SignInViewController.h */,
				EABDD16E1FE2460600E0EB32 /* SignInViewController.m */,
				EABDD1711FE2588100E0EB32 /* SignUpViewController.h */,
				EABDD1721FE2588100E0EB32 /* SignUpViewController.m */,
			);
			name = "SignIn Section";
			sourceTree = "<group>";
		};
		EA5A33E320075FC1006E765C /* Gift Section */ = {
			isa = PBXGroup;
			children = (
				EA5A33DF20075F8E006E765C /* giftViewController.h */,
				EA5A33E020075F8E006E765C /* giftViewController.m */,
				EA5A33E420076E33006E765C /* GiftTableViewCell.h */,
				EA5A33E520076E33006E765C /* GiftTableViewCell.m */,
				EA5A33E720076EA4006E765C /* GiftSliderCollectionViewCell.h */,
				EA5A33E820076EA4006E765C /* GiftSliderCollectionViewCell.m */,
				EA5A33EA200791C0006E765C /* GiftDetailViewController.h */,
				EA5A33EB200791C0006E765C /* GiftDetailViewController.m */,
				EA33FC6E2015E34F009F7D2B /* GiftMerchandiseViewController.h */,
				EA33FC6F2015E34F009F7D2B /* GiftMerchandiseViewController.m */,
				EA33FC712015E6C8009F7D2B /* GiftMerchandiseCollectionViewCell.h */,
				EA33FC722015E6C8009F7D2B /* GiftMerchandiseCollectionViewCell.m */,
				EA7860AF20173C0200D62B01 /* GiftMerchandiseDetailViewController.h */,
				EA7860B020173C0200D62B01 /* GiftMerchandiseDetailViewController.m */,
				EA7860D02017677100D62B01 /* GiftCreditCardPaymentViewController.h */,
				EA7860D12017677200D62B01 /* GiftCreditCardPaymentViewController.m */,
			);
			name = "Gift Section";
			sourceTree = "<group>";
		};
		EA5C5C121FE0E7DD009879D8 = {
			isa = PBXGroup;
			children = (
				EA6F0D79202185D9002FAA52 /* ApiMaster.h */,
				EA6F0D7A202185D9002FAA52 /* ApiMaster.m */,
				EABDD1741FE25F4A00E0EB32 /* PrefixHeader.pch */,
				EA5C5C1D1FE0E7DD009879D8 /* shado */,
				EA5C5C371FE0E7DD009879D8 /* shadowTests */,
				EA5C5C421FE0E7DE009879D8 /* shadowUITests */,
				EA5C5C1C1FE0E7DD009879D8 /* Products */,
				EA992E9A1FE3EFCF00A47BE4 /* Frameworks */,
				98523E3FE26BA6D26FA5FC82 /* Pods */,
			);
			sourceTree = "<group>";
		};
		EA5C5C1C1FE0E7DD009879D8 /* Products */ = {
			isa = PBXGroup;
			children = (
				EA5C5C1B1FE0E7DD009879D8 /* shado.app */,
				EA5C5C341FE0E7DD009879D8 /* shadoTests.xctest */,
				EA5C5C3F1FE0E7DE009879D8 /* shadoUITests.xctest */,
			);
			name = Products;
			sourceTree = "<group>";
		};
		EA5C5C1D1FE0E7DD009879D8 /* shado */ = {
			isa = PBXGroup;
			children = (
				EAD664DF1FE262010038CA24 /* Extra Files */,
				EA5C5C211FE0E7DD009879D8 /* AppDelegate.h */,
				EA5C5C221FE0E7DD009879D8 /* AppDelegate.m */,
				EA5C5C241FE0E7DD009879D8 /* ViewController.h */,
				EA5C5C251FE0E7DD009879D8 /* ViewController.m */,
				EA5C5C271FE0E7DD009879D8 /* Main.storyboard */,
				EA6F0D9E2021A999002FAA52 /* profile view controller */,
				EAB2786C2010A06200EE460E /* Personal Profile */,
				EA5A33E220075FAC006E765C /* SignIn Section */,
				EA56591B1FECF2A70056F537 /* Home View Controller */,
				EA56591A1FECF2850056F537 /* Home Detail View controller */,
				EA5A33E320075FC1006E765C /* Gift Section */,
				EADE29192018474300796AC2 /* Search View Controller */,
				EADE2929201864F600796AC2 /* Notification View Controller */,
				EA5C5C2A1FE0E7DD009879D8 /* Assets.xcassets */,
				EA5C5C2C1FE0E7DD009879D8 /* LaunchScreen.storyboard */,
				EA5C5C2F1FE0E7DD009879D8 /* Info.plist */,
				EA5C5C1E1FE0E7DD009879D8 /* Supporting Files */,
			);
			name = shado;
			path = shadow;
			sourceTree = "<group>";
		};
		EA5C5C1E1FE0E7DD009879D8 /* Supporting Files */ = {
			isa = PBXGroup;
			children = (
				EA5C5C1F1FE0E7DD009879D8 /* main.m */,
			);
			name = "Supporting Files";
			sourceTree = "<group>";
		};
		EA5C5C371FE0E7DD009879D8 /* shadowTests */ = {
			isa = PBXGroup;
			children = (
				EA5C5C381FE0E7DD009879D8 /* shadowTests.m */,
				EA5C5C3A1FE0E7DE009879D8 /* Info.plist */,
			);
			path = shadowTests;
			sourceTree = "<group>";
		};
		EA5C5C421FE0E7DE009879D8 /* shadowUITests */ = {
			isa = PBXGroup;
			children = (
				EA5C5C431FE0E7DE009879D8 /* shadowUITests.m */,
				EA5C5C451FE0E7DE009879D8 /* Info.plist */,
			);
			path = shadowUITests;
			sourceTree = "<group>";
		};
		EA6F0D7F20218B86002FAA52 /* MBProgressHub */ = {
			isa = PBXGroup;
			children = (
				EA6F0D7C20218B82002FAA52 /* MBProgressHUD.h */,
				EA6F0D7D20218B82002FAA52 /* MBProgressHUD.m */,
			);
			name = MBProgressHub;
			sourceTree = "<group>";
		};
		EA6F0D8320218BAF002FAA52 /* RunThread  */ = {
			isa = PBXGroup;
			children = (
				EA6F0D8020218BAB002FAA52 /* RunOnMainThread.h */,
				EA6F0D8120218BAB002FAA52 /* RunOnMainThread.m */,
			);
			name = "RunThread ";
			sourceTree = "<group>";
		};
		EA6F0D9020218CC5002FAA52 /* FS Action Sheet */ = {
			isa = PBXGroup;
			children = (
				EA6F0D8420218CB7002FAA52 /* FSActionSheet.h */,
				EA6F0D8520218CB7002FAA52 /* FSActionSheet.m */,
				EA6F0D8620218CB7002FAA52 /* FSActionSheetCell.h */,
				EA6F0D8720218CB7002FAA52 /* FSActionSheetCell.m */,
				EA6F0D8820218CB7002FAA52 /* FSActionSheetConfig.h */,
				EA6F0D8920218CB7002FAA52 /* FSActionSheetConfig.m */,
				EA6F0D8A20218CB7002FAA52 /* FSActionSheetItem.h */,
				EA6F0D8B20218CB7002FAA52 /* FSActionSheetItem.m */,
			);
			name = "FS Action Sheet";
			sourceTree = "<group>";
		};
		EA6F0D9520218CEB002FAA52 /* FS Action sheet Images */ = {
			isa = PBXGroup;
			children = (
				EA6F0D9120218CE3002FAA52 /* FSActionSheet_cancel@2x.png */,
				EA6F0D9220218CE3002FAA52 /* FSActionSheet_cancel@3x.png */,
			);
			name = "FS Action sheet Images";
			sourceTree = "<group>";
		};
		EA6F0D9920218EB9002FAA52 /* Alert View  */ = {
			isa = PBXGroup;
			children = (
			);
			name = "Alert View ";
			sourceTree = "<group>";
		};
		EA6F0D9E2021A999002FAA52 /* profile view controller */ = {
			isa = PBXGroup;
			children = (
				EA6F0D9C2021A990002FAA52 /* profile.storyboard */,
				EA6F0D9F2021AB4A002FAA52 /* ProfileViewController.h */,
				EA6F0DA02021AB4A002FAA52 /* ProfileViewController.m */,
				EA6F0DA22021BCEB002FAA52 /* changePasswordViewController.h */,
				EA6F0DA32021BCEB002FAA52 /* changePasswordViewController.m */,
			);
			name = "profile view controller";
			sourceTree = "<group>";
		};
		EA7860B520174E2A00D62B01 /* BKMoneyKit */ = {
			isa = PBXGroup;
			children = (
				EA7860B620174E2A00D62B01 /* BKCardExpiryField.h */,
				EA7860B720174E2A00D62B01 /* BKCardExpiryField.m */,
				EA7860B820174E2A00D62B01 /* BKCardNumberField.h */,
				EA7860B920174E2A00D62B01 /* BKCardNumberField.m */,
				EA7860BA20174E2A00D62B01 /* BKCardNumberFormatter.h */,
				EA7860BB20174E2A00D62B01 /* BKCardNumberFormatter.m */,
				EA7860BC20174E2A00D62B01 /* BKCardNumberLabel.h */,
				EA7860BD20174E2A00D62B01 /* BKCardNumberLabel.m */,
				EA7860BE20174E2A00D62B01 /* BKCardPatternInfo.h */,
				EA7860BF20174E2A00D62B01 /* BKCardPatternInfo.m */,
				EA7860C020174E2A00D62B01 /* BKCurrencyTextField.h */,
				EA7860C120174E2A00D62B01 /* BKCurrencyTextField.m */,
				EA7860C220174E2A00D62B01 /* BKForwardingTextField.h */,
				EA7860C320174E2A00D62B01 /* BKForwardingTextField.m */,
				EA7860C420174E2A00D62B01 /* BKMoneyKit.bundle */,
				EA7860C520174E2A00D62B01 /* BKMoneyUtils.h */,
				EA7860C620174E2A00D62B01 /* BKMoneyUtils.m */,
			);
			name = BKMoneyKit;
			path = ../../extraClasses/BKMoneyKit;
			sourceTree = "<group>";
		};
		EA992E9A1FE3EFCF00A47BE4 /* Frameworks */ = {
			isa = PBXGroup;
			children = (
				EA992E9B1FE3EFCF00A47BE4 /* UIKit.framework */,
				985FFB9BE13887992946AF4D /* libPods-shado.a */,
				9BD5252AD3F3DE081CD0F004 /* libPods-shadoTests.a */,
				E3A037012FD7014F49538E7F /* libPods-shadoUITests.a */,
			);
			name = Frameworks;
			sourceTree = "<group>";
		};
		EA992EA01FE3F0FA00A47BE4 /* TabbarController */ = {
			isa = PBXGroup;
			children = (
				EA992EA11FE3F0FA00A47BE4 /* MainTabController.h */,
				EA992EA21FE3F0FA00A47BE4 /* MainTabController.m */,
				EA992EA31FE3F0FA00A47BE4 /* SYTabBar.h */,
				EA992EA41FE3F0FA00A47BE4 /* SYTabBar.m */,
				EA992EA51FE3F0FA00A47BE4 /* SYTabBarController.h */,
				EA992EA61FE3F0FA00A47BE4 /* SYTabBarController.m */,
			);
			path = TabbarController;
			sourceTree = "<group>";
		};
		EAB2786C2010A06200EE460E /* Personal Profile */ = {
			isa = PBXGroup;
			children = (
				EAB278642010977200EE460E /* PersonalProfile.storyboard */,
				EA50F0EC20205253005F041B /* personal Profile Info */,
				EA50F0ED20205269005F041B /* My Campaign */,
				EA50F0EB20205244005F041B /* MY Merchandise */,
			);
			name = "Personal Profile";
			path = ..;
			sourceTree = "<group>";
		};
		EAD664DF1FE262010038CA24 /* Extra Files */ = {
			isa = PBXGroup;
			children = (
				EA4E1358202C810300F03B7D /* FCAlertView.h */,
				EA4E1359202C810300F03B7D /* FCAlertView.m */,
				EA6F0D7F20218B86002FAA52 /* MBProgressHub */,
				EA6F0D8320218BAF002FAA52 /* RunThread  */,
				EADE292E2018739B00796AC2 /* CHT CollectionView */,
				EA7860B520174E2A00D62B01 /* BKMoneyKit */,
				EA6F0D9920218EB9002FAA52 /* Alert View  */,
				EA992EA01FE3F0FA00A47BE4 /* TabbarController */,
				EAD664FA1FE27E9C0038CA24 /* Constants.h */,
				EAD664FB1FE27E9C0038CA24 /* Utility.h */,
				EAD664FC1FE27E9C0038CA24 /* Utility.m */,
				EADE292A2018652400796AC2 /* Action sheet Date Picker View */,
				EA6F0D9520218CEB002FAA52 /* FS Action sheet Images */,
				EA6F0D9020218CC5002FAA52 /* FS Action Sheet */,
				EAD664E01FE262010038CA24 /* TP ScrollView */,
			);
			path = "Extra Files";
			sourceTree = "<group>";
		};
		EAD664E01FE262010038CA24 /* TP ScrollView */ = {
			isa = PBXGroup;
			children = (
				EAD664E11FE262010038CA24 /* TPKeyboardAvoidingCollectionView.h */,
				EAD664E21FE262010038CA24 /* TPKeyboardAvoidingCollectionView.m */,
				EAD664E31FE262010038CA24 /* TPKeyboardAvoidingScrollView.h */,
				EAD664E41FE262010038CA24 /* TPKeyboardAvoidingScrollView.m */,
				EAD664E51FE262010038CA24 /* TPKeyboardAvoidingTableView.h */,
				EAD664E61FE262010038CA24 /* TPKeyboardAvoidingTableView.m */,
				EAD664E71FE262010038CA24 /* UIScrollView+TPKeyboardAvoidingAdditions.h */,
				EAD664E81FE262010038CA24 /* UIScrollView+TPKeyboardAvoidingAdditions.m */,
			);
			path = "TP ScrollView";
			sourceTree = "<group>";
		};
		EADE29192018474300796AC2 /* Search View Controller */ = {
			isa = PBXGroup;
			children = (
				EADE291A2018481600796AC2 /* SearchViewController.h */,
				EADE291B2018481600796AC2 /* SearchViewController.m */,
				EADE291D20184BFF00796AC2 /* SearchDetailViewController.h */,
				EADE291E20184BFF00796AC2 /* SearchDetailViewController.m */,
				EADE2920201851A200796AC2 /* SearchDetailTableViewCell.h */,
				EADE2921201851A200796AC2 /* SearchDetailTableViewCell.m */,
				EADE292B201866DB00796AC2 /* SearchDetailFollowViewController.h */,
				EADE292C201866DB00796AC2 /* SearchDetailFollowViewController.m */,
			);
			name = "Search View Controller";
			path = ..;
			sourceTree = "<group>";
		};
		EADE2929201864F600796AC2 /* Notification View Controller */ = {
			isa = PBXGroup;
			children = (
				EADE2926201864ED00796AC2 /* NotificationViewController.h */,
				EADE2927201864ED00796AC2 /* NotificationViewController.m */,
				EADE2923201864D700796AC2 /* NotificationTableViewCell.h */,
				EADE2924201864D700796AC2 /* NotificationTableViewCell.m */,
			);
			name = "Notification View Controller";
			path = ..;
			sourceTree = "<group>";
		};
		EADE292A2018652400796AC2 /* Action sheet Date Picker View */ = {
			isa = PBXGroup;
			children = (
				EAB278872010BB2E00EE460E /* AbstractActionSheetPicker.h */,
				EAB278882010BB2E00EE460E /* AbstractActionSheetPicker.m */,
				EAB278892010BB2E00EE460E /* ActionSheetDatePicker.h */,
				EAB2788A2010BB2E00EE460E /* ActionSheetDatePicker.m */,
				EAB2788B2010BB2E00EE460E /* NSDate+TCUtils.h */,
				EAB2788C2010BB2E00EE460E /* NSDate+TCUtils.m */,
				EAB2788D2010BB2E00EE460E /* SWActionSheet.h */,
				EAB2788E2010BB2E00EE460E /* SWActionSheet.m */,
			);
			name = "Action sheet Date Picker View";
			sourceTree = "<group>";
		};
		EADE292E2018739B00796AC2 /* CHT CollectionView */ = {
			isa = PBXGroup;
			children = (
				EADE293B2018741700796AC2 /* CHTCollectionViewWaterfallFooter.h */,
				EADE293C2018741700796AC2 /* CHTCollectionViewWaterfallFooter.m */,
				EADE293D2018741700796AC2 /* CHTCollectionViewWaterfallHeader.h */,
				EADE293E2018741700796AC2 /* CHTCollectionViewWaterfallHeader.m */,
				EADE2938201873E700796AC2 /* CHTCollectionViewWaterfallLayout.h */,
				EADE2939201873E700796AC2 /* CHTCollectionViewWaterfallLayout.m */,
				EADE292F2018739B00796AC2 /* CHTCollectionViewWaterfallCell.h */,
				EADE29302018739B00796AC2 /* CHTCollectionViewWaterfallCell.m */,
			);
			path = "CHT CollectionView";
			sourceTree = "<group>";
		};
/* End PBXGroup section */

/* Begin PBXNativeTarget section */
		EA5C5C1A1FE0E7DD009879D8 /* shado */ = {
			isa = PBXNativeTarget;
			buildConfigurationList = EA5C5C481FE0E7DE009879D8 /* Build configuration list for PBXNativeTarget "shado" */;
			buildPhases = (
				1C5454458A6C2244735CDEC2 /* [CP] Check Pods Manifest.lock */,
				EA5C5C171FE0E7DD009879D8 /* Sources */,
				EA5C5C181FE0E7DD009879D8 /* Frameworks */,
				EA5C5C191FE0E7DD009879D8 /* Resources */,
				AF5735759CBB01E094CBDCF3 /* [CP] Embed Pods Frameworks */,
				2CC2F2472CB363E5A2F3B80C /* [CP] Copy Pods Resources */,
			);
			buildRules = (
			);
			dependencies = (
			);
			name = shado;
			productName = shadow;
			productReference = EA5C5C1B1FE0E7DD009879D8 /* shado.app */;
			productType = "com.apple.product-type.application";
		};
		EA5C5C331FE0E7DD009879D8 /* shadoTests */ = {
			isa = PBXNativeTarget;
			buildConfigurationList = EA5C5C4B1FE0E7DE009879D8 /* Build configuration list for PBXNativeTarget "shadoTests" */;
			buildPhases = (
				99BFDD77BB46AB1FABE32F8B /* [CP] Check Pods Manifest.lock */,
				EA5C5C301FE0E7DD009879D8 /* Sources */,
				EA5C5C311FE0E7DD009879D8 /* Frameworks */,
				EA5C5C321FE0E7DD009879D8 /* Resources */,
				4CDFFEF2FF4E245FEDEC2D5F /* [CP] Embed Pods Frameworks */,
				DD3ABA9803BB980DF83C8DA4 /* [CP] Copy Pods Resources */,
			);
			buildRules = (
			);
			dependencies = (
				EA5C5C361FE0E7DD009879D8 /* PBXTargetDependency */,
			);
			name = shadoTests;
			productName = shadowTests;
			productReference = EA5C5C341FE0E7DD009879D8 /* shadoTests.xctest */;
			productType = "com.apple.product-type.bundle.unit-test";
		};
		EA5C5C3E1FE0E7DE009879D8 /* shadoUITests */ = {
			isa = PBXNativeTarget;
			buildConfigurationList = EA5C5C4E1FE0E7DE009879D8 /* Build configuration list for PBXNativeTarget "shadoUITests" */;
			buildPhases = (
				C2DB8928047CD4EF7036A045 /* [CP] Check Pods Manifest.lock */,
				EA5C5C3B1FE0E7DE009879D8 /* Sources */,
				EA5C5C3C1FE0E7DE009879D8 /* Frameworks */,
				EA5C5C3D1FE0E7DE009879D8 /* Resources */,
				AB80ED033108BCAE6FE67E68 /* [CP] Embed Pods Frameworks */,
				EE83F9035760054D2D41F3B7 /* [CP] Copy Pods Resources */,
			);
			buildRules = (
			);
			dependencies = (
				EA5C5C411FE0E7DE009879D8 /* PBXTargetDependency */,
			);
			name = shadoUITests;
			productName = shadowUITests;
			productReference = EA5C5C3F1FE0E7DE009879D8 /* shadoUITests.xctest */;
			productType = "com.apple.product-type.bundle.ui-testing";
		};
/* End PBXNativeTarget section */

/* Begin PBXProject section */
		EA5C5C131FE0E7DD009879D8 /* Project object */ = {
			isa = PBXProject;
			attributes = {
				LastUpgradeCheck = 0830;
				ORGANIZATIONNAME = Geetika;
				TargetAttributes = {
					EA5C5C1A1FE0E7DD009879D8 = {
						CreatedOnToolsVersion = 8.3.1;
						DevelopmentTeam = TQ2L8PNXPU;
						ProvisioningStyle = Automatic;
					};
					EA5C5C331FE0E7DD009879D8 = {
						CreatedOnToolsVersion = 8.3.1;
						ProvisioningStyle = Automatic;
						TestTargetID = EA5C5C1A1FE0E7DD009879D8;
					};
					EA5C5C3E1FE0E7DE009879D8 = {
						CreatedOnToolsVersion = 8.3.1;
						ProvisioningStyle = Automatic;
						TestTargetID = EA5C5C1A1FE0E7DD009879D8;
					};
				};
			};
			buildConfigurationList = EA5C5C161FE0E7DD009879D8 /* Build configuration list for PBXProject "shado" */;
			compatibilityVersion = "Xcode 3.2";
			developmentRegion = English;
			hasScannedForEncodings = 0;
			knownRegions = (
				en,
				Base,
			);
			mainGroup = EA5C5C121FE0E7DD009879D8;
			productRefGroup = EA5C5C1C1FE0E7DD009879D8 /* Products */;
			projectDirPath = "";
			projectRoot = "";
			targets = (
				EA5C5C1A1FE0E7DD009879D8 /* shado */,
				EA5C5C331FE0E7DD009879D8 /* shadoTests */,
				EA5C5C3E1FE0E7DE009879D8 /* shadoUITests */,
			);
		};
/* End PBXProject section */

/* Begin PBXResourcesBuildPhase section */
		EA5C5C191FE0E7DD009879D8 /* Resources */ = {
			isa = PBXResourcesBuildPhase;
			buildActionMask = 2147483647;
			files = (
				EA6F0D9420218CE3002FAA52 /* FSActionSheet_cancel@3x.png in Resources */,
				EADE29462018878100796AC2 /* cat2.jpg in Resources */,
				EA5C5C2E1FE0E7DD009879D8 /* LaunchScreen.storyboard in Resources */,
				EADE29472018878100796AC2 /* cat3.jpg in Resources */,
				EA5C5C2B1FE0E7DD009879D8 /* Assets.xcassets in Resources */,
				EADE29482018878100796AC2 /* cat4.jpg in Resources */,
				EA6F0D9D2021A990002FAA52 /* profile.storyboard in Resources */,
				EAB278652010977200EE460E /* PersonalProfile.storyboard in Resources */,
				EA5C5C291FE0E7DD009879D8 /* Main.storyboard in Resources */,
				EADE29452018878100796AC2 /* cat1.jpg in Resources */,
				EA7860CE20174E2A00D62B01 /* BKMoneyKit.bundle in Resources */,
				EA6F0D9320218CE3002FAA52 /* FSActionSheet_cancel@2x.png in Resources */,
			);
			runOnlyForDeploymentPostprocessing = 0;
		};
		EA5C5C321FE0E7DD009879D8 /* Resources */ = {
			isa = PBXResourcesBuildPhase;
			buildActionMask = 2147483647;
			files = (
			);
			runOnlyForDeploymentPostprocessing = 0;
		};
		EA5C5C3D1FE0E7DE009879D8 /* Resources */ = {
			isa = PBXResourcesBuildPhase;
			buildActionMask = 2147483647;
			files = (
			);
			runOnlyForDeploymentPostprocessing = 0;
		};
/* End PBXResourcesBuildPhase section */

/* Begin PBXShellScriptBuildPhase section */
		1C5454458A6C2244735CDEC2 /* [CP] Check Pods Manifest.lock */ = {
			isa = PBXShellScriptBuildPhase;
			buildActionMask = 2147483647;
			files = (
			);
			inputPaths = (
				"${PODS_PODFILE_DIR_PATH}/Podfile.lock",
				"${PODS_ROOT}/Manifest.lock",
			);
			name = "[CP] Check Pods Manifest.lock";
			outputPaths = (
				"$(DERIVED_FILE_DIR)/Pods-shado-checkManifestLockResult.txt",
			);
			runOnlyForDeploymentPostprocessing = 0;
			shellPath = /bin/sh;
			shellScript = "diff \"${PODS_PODFILE_DIR_PATH}/Podfile.lock\" \"${PODS_ROOT}/Manifest.lock\" > /dev/null\nif [ $? != 0 ] ; then\n    # print error to STDERR\n    echo \"error: The sandbox is not in sync with the Podfile.lock. Run 'pod install' or update your CocoaPods installation.\" >&2\n    exit 1\nfi\n# This output is used by Xcode 'outputs' to avoid re-running this script phase.\necho \"SUCCESS\" > \"${SCRIPT_OUTPUT_FILE_0}\"\n";
			showEnvVarsInLog = 0;
		};
		2CC2F2472CB363E5A2F3B80C /* [CP] Copy Pods Resources */ = {
			isa = PBXShellScriptBuildPhase;
			buildActionMask = 2147483647;
			files = (
			);
			inputPaths = (
			);
			name = "[CP] Copy Pods Resources";
			outputPaths = (
			);
			runOnlyForDeploymentPostprocessing = 0;
			shellPath = /bin/sh;
			shellScript = "\"${SRCROOT}/Pods/Target Support Files/Pods-shado/Pods-shado-resources.sh\"\n";
			showEnvVarsInLog = 0;
		};
		4CDFFEF2FF4E245FEDEC2D5F /* [CP] Embed Pods Frameworks */ = {
			isa = PBXShellScriptBuildPhase;
			buildActionMask = 2147483647;
			files = (
			);
			inputPaths = (
			);
			name = "[CP] Embed Pods Frameworks";
			outputPaths = (
			);
			runOnlyForDeploymentPostprocessing = 0;
			shellPath = /bin/sh;
			shellScript = "\"${SRCROOT}/Pods/Target Support Files/Pods-shadoTests/Pods-shadoTests-frameworks.sh\"\n";
			showEnvVarsInLog = 0;
		};
		99BFDD77BB46AB1FABE32F8B /* [CP] Check Pods Manifest.lock */ = {
			isa = PBXShellScriptBuildPhase;
			buildActionMask = 2147483647;
			files = (
			);
			inputPaths = (
				"${PODS_PODFILE_DIR_PATH}/Podfile.lock",
				"${PODS_ROOT}/Manifest.lock",
			);
			name = "[CP] Check Pods Manifest.lock";
			outputPaths = (
				"$(DERIVED_FILE_DIR)/Pods-shadoTests-checkManifestLockResult.txt",
			);
			runOnlyForDeploymentPostprocessing = 0;
			shellPath = /bin/sh;
			shellScript = "diff \"${PODS_PODFILE_DIR_PATH}/Podfile.lock\" \"${PODS_ROOT}/Manifest.lock\" > /dev/null\nif [ $? != 0 ] ; then\n    # print error to STDERR\n    echo \"error: The sandbox is not in sync with the Podfile.lock. Run 'pod install' or update your CocoaPods installation.\" >&2\n    exit 1\nfi\n# This output is used by Xcode 'outputs' to avoid re-running this script phase.\necho \"SUCCESS\" > \"${SCRIPT_OUTPUT_FILE_0}\"\n";
			showEnvVarsInLog = 0;
		};
		AB80ED033108BCAE6FE67E68 /* [CP] Embed Pods Frameworks */ = {
			isa = PBXShellScriptBuildPhase;
			buildActionMask = 2147483647;
			files = (
			);
			inputPaths = (
			);
			name = "[CP] Embed Pods Frameworks";
			outputPaths = (
			);
			runOnlyForDeploymentPostprocessing = 0;
			shellPath = /bin/sh;
			shellScript = "\"${SRCROOT}/Pods/Target Support Files/Pods-shadoUITests/Pods-shadoUITests-frameworks.sh\"\n";
			showEnvVarsInLog = 0;
		};
		AF5735759CBB01E094CBDCF3 /* [CP] Embed Pods Frameworks */ = {
			isa = PBXShellScriptBuildPhase;
			buildActionMask = 2147483647;
			files = (
			);
			inputPaths = (
			);
			name = "[CP] Embed Pods Frameworks";
			outputPaths = (
			);
			runOnlyForDeploymentPostprocessing = 0;
			shellPath = /bin/sh;
			shellScript = "\"${SRCROOT}/Pods/Target Support Files/Pods-shado/Pods-shado-frameworks.sh\"\n";
			showEnvVarsInLog = 0;
		};
		C2DB8928047CD4EF7036A045 /* [CP] Check Pods Manifest.lock */ = {
			isa = PBXShellScriptBuildPhase;
			buildActionMask = 2147483647;
			files = (
			);
			inputPaths = (
				"${PODS_PODFILE_DIR_PATH}/Podfile.lock",
				"${PODS_ROOT}/Manifest.lock",
			);
			name = "[CP] Check Pods Manifest.lock";
			outputPaths = (
				"$(DERIVED_FILE_DIR)/Pods-shadoUITests-checkManifestLockResult.txt",
			);
			runOnlyForDeploymentPostprocessing = 0;
			shellPath = /bin/sh;
			shellScript = "diff \"${PODS_PODFILE_DIR_PATH}/Podfile.lock\" \"${PODS_ROOT}/Manifest.lock\" > /dev/null\nif [ $? != 0 ] ; then\n    # print error to STDERR\n    echo \"error: The sandbox is not in sync with the Podfile.lock. Run 'pod install' or update your CocoaPods installation.\" >&2\n    exit 1\nfi\n# This output is used by Xcode 'outputs' to avoid re-running this script phase.\necho \"SUCCESS\" > \"${SCRIPT_OUTPUT_FILE_0}\"\n";
			showEnvVarsInLog = 0;
		};
		DD3ABA9803BB980DF83C8DA4 /* [CP] Copy Pods Resources */ = {
			isa = PBXShellScriptBuildPhase;
			buildActionMask = 2147483647;
			files = (
			);
			inputPaths = (
			);
			name = "[CP] Copy Pods Resources";
			outputPaths = (
			);
			runOnlyForDeploymentPostprocessing = 0;
			shellPath = /bin/sh;
			shellScript = "\"${SRCROOT}/Pods/Target Support Files/Pods-shadoTests/Pods-shadoTests-resources.sh\"\n";
			showEnvVarsInLog = 0;
		};
		EE83F9035760054D2D41F3B7 /* [CP] Copy Pods Resources */ = {
			isa = PBXShellScriptBuildPhase;
			buildActionMask = 2147483647;
			files = (
			);
			inputPaths = (
			);
			name = "[CP] Copy Pods Resources";
			outputPaths = (
			);
			runOnlyForDeploymentPostprocessing = 0;
			shellPath = /bin/sh;
			shellScript = "\"${SRCROOT}/Pods/Target Support Files/Pods-shadoUITests/Pods-shadoUITests-resources.sh\"\n";
			showEnvVarsInLog = 0;
		};
/* End PBXShellScriptBuildPhase section */

/* Begin PBXSourcesBuildPhase section */
		EA5C5C171FE0E7DD009879D8 /* Sources */ = {
			isa = PBXSourcesBuildPhase;
			buildActionMask = 2147483647;
			files = (
				EA5A33E120075F8E006E765C /* giftViewController.m in Sources */,
				EAD664EA1FE262010038CA24 /* TPKeyboardAvoidingScrollView.m in Sources */,
				EADE293F2018741700796AC2 /* CHTCollectionViewWaterfallFooter.m in Sources */,
				EADE2922201851A200796AC2 /* SearchDetailTableViewCell.m in Sources */,
				EA7860CC20174E2A00D62B01 /* BKCurrencyTextField.m in Sources */,
				EA50F0F020205C6B005F041B /* CreateMerchandiseListingViewController.m in Sources */,
				EAD664EB1FE262010038CA24 /* TPKeyboardAvoidingTableView.m in Sources */,
				EA6F0D7E20218B82002FAA52 /* MBProgressHUD.m in Sources */,
				EADE292D201866DB00796AC2 /* SearchDetailFollowViewController.m in Sources */,
				EA6F0DA42021BCEB002FAA52 /* changePasswordViewController.m in Sources */,
				EADE291F20184BFF00796AC2 /* SearchDetailViewController.m in Sources */,
				EAD664FD1FE27E9C0038CA24 /* Utility.m in Sources */,
				EA6F0D8220218BAB002FAA52 /* RunOnMainThread.m in Sources */,
				EABDD16F1FE2460600E0EB32 /* SignInViewController.m in Sources */,
				EA992EA81FE3F0FA00A47BE4 /* SYTabBar.m in Sources */,
				EA5A33EC200791C0006E765C /* GiftDetailViewController.m in Sources */,
				EABDD1731FE2588100E0EB32 /* SignUpViewController.m in Sources */,
				EA7860C720174E2A00D62B01 /* BKCardExpiryField.m in Sources */,
				EA5659191FECEF2D0056F537 /* HomeDetailViewController.m in Sources */,
				EAB2786B2010A05C00EE460E /* personalProfileViewController.m in Sources */,
				EAB278952010BD8300EE460E /* PersonalProfileCollectionViewCell.m in Sources */,
				EAD665001FE291400038CA24 /* forgotPasswordViewController.m in Sources */,
				EADE2925201864D700796AC2 /* NotificationTableViewCell.m in Sources */,
				EA5A33E920076EA4006E765C /* GiftSliderCollectionViewCell.m in Sources */,
				EAD664EC1FE262010038CA24 /* UIScrollView+TPKeyboardAvoidingAdditions.m in Sources */,
				EA6F0D7B202185D9002FAA52 /* ApiMaster.m in Sources */,
				EAB2789B2010CDEF00EE460E /* NewCreateViewController.m in Sources */,
				EA7860B120173C0200D62B01 /* GiftMerchandiseDetailViewController.m in Sources */,
				EA7860CA20174E2A00D62B01 /* BKCardNumberLabel.m in Sources */,
				EAA0798A1FE3B3F0008132F0 /* homeViewController.m in Sources */,
				EAB278982010CCD200EE460E /* CreateCampaignTableViewCell.m in Sources */,
				EA50F0E72020421D005F041B /* NewcreateDetailViewController.m in Sources */,
				EAB2786F2010A6C500EE460E /* CreateCampaignViewController.m in Sources */,
				EADE291C2018481600796AC2 /* SearchViewController.m in Sources */,
				EA7860CF20174E2A00D62B01 /* BKMoneyUtils.m in Sources */,
				EA33FC732015E6C8009F7D2B /* GiftMerchandiseCollectionViewCell.m in Sources */,
				EA7860CD20174E2A00D62B01 /* BKForwardingTextField.m in Sources */,
				EAB2788F2010BB2E00EE460E /* AbstractActionSheetPicker.m in Sources */,
				EAA079931FE3E3A6008132F0 /* HomePostCollectionViewCell.m in Sources */,
				EAB278912010BB2E00EE460E /* NSDate+TCUtils.m in Sources */,
				EA56591E1FED075B0056F537 /* HomeDetailTableViewCell.m in Sources */,
				EADE29402018741700796AC2 /* CHTCollectionViewWaterfallHeader.m in Sources */,
				EA33FC702015E34F009F7D2B /* GiftMerchandiseViewController.m in Sources */,
				EA5C5C261FE0E7DD009879D8 /* ViewController.m in Sources */,
				EA992EA91FE3F0FA00A47BE4 /* SYTabBarController.m in Sources */,
				EAB278922010BB2E00EE460E /* SWActionSheet.m in Sources */,
				EA6F0D8F20218CB7002FAA52 /* FSActionSheetItem.m in Sources */,
				EADE29312018739B00796AC2 /* CHTCollectionViewWaterfallCell.m in Sources */,
				EA4E135A202C810300F03B7D /* FCAlertView.m in Sources */,
				EA6F0D8C20218CB7002FAA52 /* FSActionSheet.m in Sources */,
				EA5A33E620076E33006E765C /* GiftTableViewCell.m in Sources */,
				EA7860C920174E2A00D62B01 /* BKCardNumberFormatter.m in Sources */,
				EAB278902010BB2E00EE460E /* ActionSheetDatePicker.m in Sources */,
				EA5C5C231FE0E7DD009879D8 /* AppDelegate.m in Sources */,
				EAD664E91FE262010038CA24 /* TPKeyboardAvoidingCollectionView.m in Sources */,
				EA6F0DA12021AB4A002FAA52 /* ProfileViewController.m in Sources */,
				EA7860C820174E2A00D62B01 /* BKCardNumberField.m in Sources */,
				EA50F0EA2020523A005F041B /* CreateMerchandiseViewController.m in Sources */,
				EA6F0D8E20218CB7002FAA52 /* FSActionSheetConfig.m in Sources */,
				EADE2928201864ED00796AC2 /* NotificationViewController.m in Sources */,
				EA7860D22017677200D62B01 /* GiftCreditCardPaymentViewController.m in Sources */,
				EA6F0D8D20218CB7002FAA52 /* FSActionSheetCell.m in Sources */,
				EA5C5C201FE0E7DD009879D8 /* main.m in Sources */,
				EADE293A201873E700796AC2 /* CHTCollectionViewWaterfallLayout.m in Sources */,
				EAB278722010B69100EE460E /* campaignUploadViewController.m in Sources */,
				EA992EA71FE3F0FA00A47BE4 /* MainTabController.m in Sources */,
				EAA079901FE3DC43008132F0 /* HomeCollectionViewCell.m in Sources */,
				EA7860CB20174E2A00D62B01 /* BKCardPatternInfo.m in Sources */,
			);
			runOnlyForDeploymentPostprocessing = 0;
		};
		EA5C5C301FE0E7DD009879D8 /* Sources */ = {
			isa = PBXSourcesBuildPhase;
			buildActionMask = 2147483647;
			files = (
				EA5C5C391FE0E7DD009879D8 /* shadowTests.m in Sources */,
			);
			runOnlyForDeploymentPostprocessing = 0;
		};
		EA5C5C3B1FE0E7DE009879D8 /* Sources */ = {
			isa = PBXSourcesBuildPhase;
			buildActionMask = 2147483647;
			files = (
				EA5C5C441FE0E7DE009879D8 /* shadowUITests.m in Sources */,
			);
			runOnlyForDeploymentPostprocessing = 0;
		};
/* End PBXSourcesBuildPhase section */

/* Begin PBXTargetDependency section */
		EA5C5C361FE0E7DD009879D8 /* PBXTargetDependency */ = {
			isa = PBXTargetDependency;
			target = EA5C5C1A1FE0E7DD009879D8 /* shado */;
			targetProxy = EA5C5C351FE0E7DD009879D8 /* PBXContainerItemProxy */;
		};
		EA5C5C411FE0E7DE009879D8 /* PBXTargetDependency */ = {
			isa = PBXTargetDependency;
			target = EA5C5C1A1FE0E7DD009879D8 /* shado */;
			targetProxy = EA5C5C401FE0E7DE009879D8 /* PBXContainerItemProxy */;
		};
/* End PBXTargetDependency section */

/* Begin PBXVariantGroup section */
		EA5C5C271FE0E7DD009879D8 /* Main.storyboard */ = {
			isa = PBXVariantGroup;
			children = (
				EA5C5C281FE0E7DD009879D8 /* Base */,
			);
			name = Main.storyboard;
			sourceTree = "<group>";
		};
		EA5C5C2C1FE0E7DD009879D8 /* LaunchScreen.storyboard */ = {
			isa = PBXVariantGroup;
			children = (
				EA5C5C2D1FE0E7DD009879D8 /* Base */,
			);
			name = LaunchScreen.storyboard;
			sourceTree = "<group>";
		};
/* End PBXVariantGroup section */

/* Begin XCBuildConfiguration section */
		EA5C5C461FE0E7DE009879D8 /* Debug */ = {
			isa = XCBuildConfiguration;
			buildSettings = {
				ALWAYS_SEARCH_USER_PATHS = NO;
				CLANG_ANALYZER_NONNULL = YES;
				CLANG_ANALYZER_NUMBER_OBJECT_CONVERSION = YES_AGGRESSIVE;
				CLANG_CXX_LANGUAGE_STANDARD = "gnu++0x";
				CLANG_CXX_LIBRARY = "libc++";
				CLANG_ENABLE_MODULES = YES;
				CLANG_ENABLE_OBJC_ARC = YES;
				CLANG_WARN_BOOL_CONVERSION = YES;
				CLANG_WARN_CONSTANT_CONVERSION = YES;
				CLANG_WARN_DIRECT_OBJC_ISA_USAGE = YES_ERROR;
				CLANG_WARN_DOCUMENTATION_COMMENTS = YES;
				CLANG_WARN_EMPTY_BODY = YES;
				CLANG_WARN_ENUM_CONVERSION = YES;
				CLANG_WARN_INFINITE_RECURSION = YES;
				CLANG_WARN_INT_CONVERSION = YES;
				CLANG_WARN_OBJC_ROOT_CLASS = YES_ERROR;
				CLANG_WARN_SUSPICIOUS_MOVE = YES;
				CLANG_WARN_UNREACHABLE_CODE = YES;
				CLANG_WARN__DUPLICATE_METHOD_MATCH = YES;
				CODE_SIGN_IDENTITY = "iPhone Developer: Anthony Han (YJLHM63AYW)";
				"CODE_SIGN_IDENTITY[sdk=iphoneos*]" = "iPhone Developer: Anthony Han (YJLHM63AYW)";
				COPY_PHASE_STRIP = NO;
				DEBUG_INFORMATION_FORMAT = dwarf;
				ENABLE_STRICT_OBJC_MSGSEND = YES;
				ENABLE_TESTABILITY = YES;
				GCC_C_LANGUAGE_STANDARD = gnu99;
				GCC_DYNAMIC_NO_PIC = NO;
				GCC_NO_COMMON_BLOCKS = YES;
				GCC_OPTIMIZATION_LEVEL = 0;
				GCC_PREPROCESSOR_DEFINITIONS = (
					"DEBUG=1",
					"$(inherited)",
				);
				GCC_WARN_64_TO_32_BIT_CONVERSION = YES;
				GCC_WARN_ABOUT_RETURN_TYPE = YES_ERROR;
				GCC_WARN_UNDECLARED_SELECTOR = YES;
				GCC_WARN_UNINITIALIZED_AUTOS = YES_AGGRESSIVE;
				GCC_WARN_UNUSED_FUNCTION = YES;
				GCC_WARN_UNUSED_VARIABLE = YES;
				IPHONEOS_DEPLOYMENT_TARGET = 10.3;
				MTL_ENABLE_DEBUG_INFO = YES;
				ONLY_ACTIVE_ARCH = YES;
				SDKROOT = iphoneos;
			};
			name = Debug;
		};
		EA5C5C471FE0E7DE009879D8 /* Release */ = {
			isa = XCBuildConfiguration;
			buildSettings = {
				ALWAYS_SEARCH_USER_PATHS = NO;
				CLANG_ANALYZER_NONNULL = YES;
				CLANG_ANALYZER_NUMBER_OBJECT_CONVERSION = YES_AGGRESSIVE;
				CLANG_CXX_LANGUAGE_STANDARD = "gnu++0x";
				CLANG_CXX_LIBRARY = "libc++";
				CLANG_ENABLE_MODULES = YES;
				CLANG_ENABLE_OBJC_ARC = YES;
				CLANG_WARN_BOOL_CONVERSION = YES;
				CLANG_WARN_CONSTANT_CONVERSION = YES;
				CLANG_WARN_DIRECT_OBJC_ISA_USAGE = YES_ERROR;
				CLANG_WARN_DOCUMENTATION_COMMENTS = YES;
				CLANG_WARN_EMPTY_BODY = YES;
				CLANG_WARN_ENUM_CONVERSION = YES;
				CLANG_WARN_INFINITE_RECURSION = YES;
				CLANG_WARN_INT_CONVERSION = YES;
				CLANG_WARN_OBJC_ROOT_CLASS = YES_ERROR;
				CLANG_WARN_SUSPICIOUS_MOVE = YES;
				CLANG_WARN_UNREACHABLE_CODE = YES;
				CLANG_WARN__DUPLICATE_METHOD_MATCH = YES;
				CODE_SIGN_IDENTITY = "iPhone Developer: Anthony Han (YJLHM63AYW)";
				"CODE_SIGN_IDENTITY[sdk=iphoneos*]" = "iPhone Developer: Anthony Han (YJLHM63AYW)";
				COPY_PHASE_STRIP = NO;
				DEBUG_INFORMATION_FORMAT = "dwarf-with-dsym";
				ENABLE_NS_ASSERTIONS = NO;
				ENABLE_STRICT_OBJC_MSGSEND = YES;
				GCC_C_LANGUAGE_STANDARD = gnu99;
				GCC_NO_COMMON_BLOCKS = YES;
				GCC_WARN_64_TO_32_BIT_CONVERSION = YES;
				GCC_WARN_ABOUT_RETURN_TYPE = YES_ERROR;
				GCC_WARN_UNDECLARED_SELECTOR = YES;
				GCC_WARN_UNINITIALIZED_AUTOS = YES_AGGRESSIVE;
				GCC_WARN_UNUSED_FUNCTION = YES;
				GCC_WARN_UNUSED_VARIABLE = YES;
				IPHONEOS_DEPLOYMENT_TARGET = 10.3;
				MTL_ENABLE_DEBUG_INFO = NO;
				SDKROOT = iphoneos;
				VALIDATE_PRODUCT = YES;
			};
			name = Release;
		};
		EA5C5C491FE0E7DE009879D8 /* Debug */ = {
			isa = XCBuildConfiguration;
			baseConfigurationReference = 2F9E2381CD1A6107A5F62286 /* Pods-shado.debug.xcconfig */;
			buildSettings = {
				ASSETCATALOG_COMPILER_APPICON_NAME = AppIcon;
				CODE_SIGN_IDENTITY = "iPhone Developer: Anthony Han (YJLHM63AYW)";
				"CODE_SIGN_IDENTITY[sdk=iphoneos*]" = "iPhone Developer";
				DEVELOPMENT_TEAM = "";
				GCC_PRECOMPILE_PREFIX_HEADER = YES;
				GCC_PREFIX_HEADER = PrefixHeader.pch;
				INFOPLIST_FILE = shadow/Info.plist;
				LD_RUNPATH_SEARCH_PATHS = "$(inherited) @executable_path/Frameworks";
				PRODUCT_BUNDLE_IDENTIFIER = com.zoptal.songBook;
				PRODUCT_NAME = "$(TARGET_NAME)";
				PROVISIONING_PROFILE = "";
				PROVISIONING_PROFILE_SPECIFIER = "";
			};
			name = Debug;
		};
		EA5C5C4A1FE0E7DE009879D8 /* Release */ = {
			isa = XCBuildConfiguration;
			baseConfigurationReference = 2323151AF4572A18368ABEE4 /* Pods-shado.release.xcconfig */;
			buildSettings = {
				ASSETCATALOG_COMPILER_APPICON_NAME = AppIcon;
				CODE_SIGN_IDENTITY = "iPhone Developer: Anthony Han (YJLHM63AYW)";
				"CODE_SIGN_IDENTITY[sdk=iphoneos*]" = "iPhone Developer";
				DEVELOPMENT_TEAM = "";
				GCC_PRECOMPILE_PREFIX_HEADER = YES;
				GCC_PREFIX_HEADER = PrefixHeader.pch;
				INFOPLIST_FILE = shadow/Info.plist;
				LD_RUNPATH_SEARCH_PATHS = "$(inherited) @executable_path/Frameworks";
				PRODUCT_BUNDLE_IDENTIFIER = com.zoptal.songBook;
				PRODUCT_NAME = "$(TARGET_NAME)";
				PROVISIONING_PROFILE = "";
				PROVISIONING_PROFILE_SPECIFIER = "";
			};
			name = Release;
		};
		EA5C5C4C1FE0E7DE009879D8 /* Debug */ = {
			isa = XCBuildConfiguration;
			baseConfigurationReference = 7D6BA0ADE490B7C7E89B3C07 /* Pods-shadoTests.debug.xcconfig */;
			buildSettings = {
				BUNDLE_LOADER = "$(TEST_HOST)";
				INFOPLIST_FILE = shadowTests/Info.plist;
				LD_RUNPATH_SEARCH_PATHS = "$(inherited) @executable_path/Frameworks @loader_path/Frameworks";
				PRODUCT_BUNDLE_IDENTIFIER = com.zoptal.com.shadowTests;
				PRODUCT_NAME = "$(TARGET_NAME)";
				TEST_HOST = "$(BUILT_PRODUCTS_DIR)/shado.app/shado";
			};
			name = Debug;
		};
		EA5C5C4D1FE0E7DE009879D8 /* Release */ = {
			isa = XCBuildConfiguration;
			baseConfigurationReference = 3744DCBD4FA6BE7656A4DBA0 /* Pods-shadoTests.release.xcconfig */;
			buildSettings = {
				BUNDLE_LOADER = "$(TEST_HOST)";
				INFOPLIST_FILE = shadowTests/Info.plist;
				LD_RUNPATH_SEARCH_PATHS = "$(inherited) @executable_path/Frameworks @loader_path/Frameworks";
				PRODUCT_BUNDLE_IDENTIFIER = com.zoptal.com.shadowTests;
				PRODUCT_NAME = "$(TARGET_NAME)";
				TEST_HOST = "$(BUILT_PRODUCTS_DIR)/shado.app/shado";
			};
			name = Release;
		};
		EA5C5C4F1FE0E7DE009879D8 /* Debug */ = {
			isa = XCBuildConfiguration;
			baseConfigurationReference = A31B4BCA70EF3C1B1CC6FCC3 /* Pods-shadoUITests.debug.xcconfig */;
			buildSettings = {
				INFOPLIST_FILE = shadowUITests/Info.plist;
				LD_RUNPATH_SEARCH_PATHS = "$(inherited) @executable_path/Frameworks @loader_path/Frameworks";
				PRODUCT_BUNDLE_IDENTIFIER = com.zoptal.com.shadowUITests;
				PRODUCT_NAME = "$(TARGET_NAME)";
				TEST_TARGET_NAME = shadow;
			};
			name = Debug;
		};
		EA5C5C501FE0E7DE009879D8 /* Release */ = {
			isa = XCBuildConfiguration;
			baseConfigurationReference = 96BE495AC6781F2EBB936A4A /* Pods-shadoUITests.release.xcconfig */;
			buildSettings = {
				INFOPLIST_FILE = shadowUITests/Info.plist;
				LD_RUNPATH_SEARCH_PATHS = "$(inherited) @executable_path/Frameworks @loader_path/Frameworks";
				PRODUCT_BUNDLE_IDENTIFIER = com.zoptal.com.shadowUITests;
				PRODUCT_NAME = "$(TARGET_NAME)";
				TEST_TARGET_NAME = shadow;
			};
			name = Release;
		};
/* End XCBuildConfiguration section */

/* Begin XCConfigurationList section */
		EA5C5C161FE0E7DD009879D8 /* Build configuration list for PBXProject "shado" */ = {
			isa = XCConfigurationList;
			buildConfigurations = (
				EA5C5C461FE0E7DE009879D8 /* Debug */,
				EA5C5C471FE0E7DE009879D8 /* Release */,
			);
			defaultConfigurationIsVisible = 0;
			defaultConfigurationName = Release;
		};
		EA5C5C481FE0E7DE009879D8 /* Build configuration list for PBXNativeTarget "shado" */ = {
			isa = XCConfigurationList;
			buildConfigurations = (
				EA5C5C491FE0E7DE009879D8 /* Debug */,
				EA5C5C4A1FE0E7DE009879D8 /* Release */,
			);
			defaultConfigurationIsVisible = 0;
			defaultConfigurationName = Release;
		};
		EA5C5C4B1FE0E7DE009879D8 /* Build configuration list for PBXNativeTarget "shadoTests" */ = {
			isa = XCConfigurationList;
			buildConfigurations = (
				EA5C5C4C1FE0E7DE009879D8 /* Debug */,
				EA5C5C4D1FE0E7DE009879D8 /* Release */,
			);
			defaultConfigurationIsVisible = 0;
			defaultConfigurationName = Release;
		};
		EA5C5C4E1FE0E7DE009879D8 /* Build configuration list for PBXNativeTarget "shadoUITests" */ = {
			isa = XCConfigurationList;
			buildConfigurations = (
				EA5C5C4F1FE0E7DE009879D8 /* Debug */,
				EA5C5C501FE0E7DE009879D8 /* Release */,
			);
			defaultConfigurationIsVisible = 0;
			defaultConfigurationName = Release;
		};
/* End XCConfigurationList section */
	};
	rootObject = EA5C5C131FE0E7DD009879D8 /* Project object */;
}
